// !$*UTF8*$!
{
	archiveVersion = 1;
	classes = {
	};
	objectVersion = 51;
	objects = {

/* Begin PBXBuildFile section */
		4A105F862519ACAF00262B21 /* UIImage+LaunchImgNameSize.m in Sources */ = {isa = PBXBuildFile; fileRef = 4A105F5D2519ACAD00262B21 /* UIImage+LaunchImgNameSize.m */; };
		4A105F872519ACAF00262B21 /* UJNJobsNewssFlaout.m in Sources */ = {isa = PBXBuildFile; fileRef = 4A105F5F2519ACAD00262B21 /* UJNJobsNewssFlaout.m */; };
		4A105F882519ACAF00262B21 /* SGAdvertScrollView.m in Sources */ = {isa = PBXBuildFile; fileRef = 4A105F612519ACAD00262B21 /* SGAdvertScrollView.m */; };
		4A105F892519ACAF00262B21 /* BouncingBallView.m in Sources */ = {isa = PBXBuildFile; fileRef = 4A105F662519ACAD00262B21 /* BouncingBallView.m */; };
		4A105F8A2519ACAF00262B21 /* UIColor+ColorChange.m in Sources */ = {isa = PBXBuildFile; fileRef = 4A105F672519ACAD00262B21 /* UIColor+ColorChange.m */; };
		4A105F8B2519ACAF00262B21 /* UIView+shadowPath.m in Sources */ = {isa = PBXBuildFile; fileRef = 4A105F682519ACAD00262B21 /* UIView+shadowPath.m */; };
		4A105F8C2519ACAF00262B21 /* UIView+HZXFrame.m in Sources */ = {isa = PBXBuildFile; fileRef = 4A105F712519ACAD00262B21 /* UIView+HZXFrame.m */; };
		4A105F8D2519ACAF00262B21 /* NSObject+SSAdd.m in Sources */ = {isa = PBXBuildFile; fileRef = 4A105F722519ACAD00262B21 /* NSObject+SSAdd.m */; };
		4A105F8E2519ACAF00262B21 /* SSDeviceDefault.m in Sources */ = {isa = PBXBuildFile; fileRef = 4A105F732519ACAD00262B21 /* SSDeviceDefault.m */; };
		4A105F8F2519ACAF00262B21 /* UILabel+CDGPSpaceLb.m in Sources */ = {isa = PBXBuildFile; fileRef = 4A105F742519ACAD00262B21 /* UILabel+CDGPSpaceLb.m */; };
		4A105F902519ACAF00262B21 /* NSString+StringSize.m in Sources */ = {isa = PBXBuildFile; fileRef = 4A105F752519ACAD00262B21 /* NSString+StringSize.m */; };
		4A105F912519ACAF00262B21 /* WMDragView.m in Sources */ = {isa = PBXBuildFile; fileRef = 4A105F762519ACAD00262B21 /* WMDragView.m */; };
		4A105F922519ACAF00262B21 /* LMJHorizontalScrollText.m in Sources */ = {isa = PBXBuildFile; fileRef = 4A105F772519ACAD00262B21 /* LMJHorizontalScrollText.m */; };
		4A105F932519ACAF00262B21 /* NSDictionary+DeleteNull.m in Sources */ = {isa = PBXBuildFile; fileRef = 4A105F7A2519ACAE00262B21 /* NSDictionary+DeleteNull.m */; };
		4A105F942519ACAF00262B21 /* TTJZHttpTool.m in Sources */ = {isa = PBXBuildFile; fileRef = 4A105F7B2519ACAE00262B21 /* TTJZHttpTool.m */; };
		4A105F952519ACAF00262B21 /* NSDictionary+ZBKeyMapping.m in Sources */ = {isa = PBXBuildFile; fileRef = 4A105F7C2519ACAE00262B21 /* NSDictionary+ZBKeyMapping.m */; };
		4A105F962519ACAF00262B21 /* UIColor+ColorChange.m in Sources */ = {isa = PBXBuildFile; fileRef = 4A105F7D2519ACAE00262B21 /* UIColor+ColorChange.m */; };
		4A105F972519ACAF00262B21 /* UIView+ACSLayer.m in Sources */ = {isa = PBXBuildFile; fileRef = 4A105F802519ACAE00262B21 /* UIView+ACSLayer.m */; };
		4A105F982519ACAF00262B21 /* UIViewController+IOS13.m in Sources */ = {isa = PBXBuildFile; fileRef = 4A105F822519ACAE00262B21 /* UIViewController+IOS13.m */; };
		4A105F992519ACAF00262B21 /* RFVStarImgSizeTool.m in Sources */ = {isa = PBXBuildFile; fileRef = 4A105F842519ACAE00262B21 /* RFVStarImgSizeTool.m */; };
		4A105F9E2519AD0900262B21 /* keqiangboyBaseViewController.m in Sources */ = {isa = PBXBuildFile; fileRef = 4A105F9D2519AD0900262B21 /* keqiangboyBaseViewController.m */; };
		4A105FA12519AD1E00262B21 /* keqiangboybaseTabbarViewController.m in Sources */ = {isa = PBXBuildFile; fileRef = 4A105FA02519AD1E00262B21 /* keqiangboybaseTabbarViewController.m */; };
		4A105FA82519AD6B00262B21 /* keqiangboyHomeViewController.m in Sources */ = {isa = PBXBuildFile; fileRef = 4A105FA72519AD6B00262B21 /* keqiangboyHomeViewController.m */; };
		4A105FAB2519AD7300262B21 /* keqiangboyhangViewController.m in Sources */ = {isa = PBXBuildFile; fileRef = 4A105FAA2519AD7300262B21 /* keqiangboyhangViewController.m */; };
		4A105FAE2519AD7900262B21 /* keqiangmsgViewController.m in Sources */ = {isa = PBXBuildFile; fileRef = 4A105FAD2519AD7900262B21 /* keqiangmsgViewController.m */; };
		4A105FB12519AD8000262B21 /* keqiangboyCenterViewController.m in Sources */ = {isa = PBXBuildFile; fileRef = 4A105FB02519AD8000262B21 /* keqiangboyCenterViewController.m */; };
		4A105FB42519AFF400262B21 /* keqiangboyHomeTableViewCell.m in Sources */ = {isa = PBXBuildFile; fileRef = 4A105FB32519AFF400262B21 /* keqiangboyHomeTableViewCell.m */; };
		4A105FB72519B02F00262B21 /* keqianghomeboyHeaderView.m in Sources */ = {isa = PBXBuildFile; fileRef = 4A105FB62519B02F00262B21 /* keqianghomeboyHeaderView.m */; };
		4A105FBA2519B0AA00262B21 /* keqianghomeBtn.m in Sources */ = {isa = PBXBuildFile; fileRef = 4A105FB92519B0AA00262B21 /* keqianghomeBtn.m */; };
		4A105FBD2519BB3C00262B21 /* keqiangsaishiBtn.m in Sources */ = {isa = PBXBuildFile; fileRef = 4A105FBC2519BB3C00262B21 /* keqiangsaishiBtn.m */; };
		4A105FC12519BEA500262B21 /* keqiangsaishiListViewController.m in Sources */ = {isa = PBXBuildFile; fileRef = 4A105FC02519BEA500262B21 /* keqiangsaishiListViewController.m */; };
		4A105FC42519C28A00262B21 /* keqiangboyhangqingTableViewCell.m in Sources */ = {isa = PBXBuildFile; fileRef = 4A105FC32519C28A00262B21 /* keqiangboyhangqingTableViewCell.m */; };
		4A105FC72519C4C700262B21 /* keqiangboyhangCollectionViewCell.m in Sources */ = {isa = PBXBuildFile; fileRef = 4A105FC62519C4C700262B21 /* keqiangboyhangCollectionViewCell.m */; };
		4A105FCA2519C5F300262B21 /* keqiangboyAdreeBtn.m in Sources */ = {isa = PBXBuildFile; fileRef = 4A105FC92519C5F300262B21 /* keqiangboyAdreeBtn.m */; };
		4A105FCE2519C86E00262B21 /* keqianghangSendingViewController.m in Sources */ = {isa = PBXBuildFile; fileRef = 4A105FCD2519C86E00262B21 /* keqianghangSendingViewController.m */; };
		4A105FD12519CB3200262B21 /* keqiangboySendingCollectionCell.m in Sources */ = {isa = PBXBuildFile; fileRef = 4A105FD02519CB3200262B21 /* keqiangboySendingCollectionCell.m */; };
		4A105FD52519CD7F00262B21 /* keqainggboyComentViewController.m in Sources */ = {isa = PBXBuildFile; fileRef = 4A105FD42519CD7F00262B21 /* keqainggboyComentViewController.m */; };
		4A105FD82519CE6D00262B21 /* keqiangboyComentListTableViewCell.m in Sources */ = {isa = PBXBuildFile; fileRef = 4A105FD72519CE6D00262B21 /* keqiangboyComentListTableViewCell.m */; };
		4A105FDB2519CE8E00262B21 /* keqiangboyDetailComenrModle.m in Sources */ = {isa = PBXBuildFile; fileRef = 4A105FDA2519CE8E00262B21 /* keqiangboyDetailComenrModle.m */; };
		4A105FDE2519CE9800262B21 /* keqiangboyBaseModel.m in Sources */ = {isa = PBXBuildFile; fileRef = 4A105FDD2519CE9800262B21 /* keqiangboyBaseModel.m */; };
		4A105FE12519CF3700262B21 /* keqiangboyDetailBtn.m in Sources */ = {isa = PBXBuildFile; fileRef = 4A105FE02519CF3700262B21 /* keqiangboyDetailBtn.m */; };
		4A105FE42519D1F100262B21 /* keqiangboyCenterTableViewCell.m in Sources */ = {isa = PBXBuildFile; fileRef = 4A105FE32519D1F100262B21 /* keqiangboyCenterTableViewCell.m */; };
		4A105FE72519D2F100262B21 /* keqiangboyCenterHeaderView.m in Sources */ = {isa = PBXBuildFile; fileRef = 4A105FE62519D2F100262B21 /* keqiangboyCenterHeaderView.m */; };
		4A105FEB2519D5CB00262B21 /* keqiangboyaboutusViewController.m in Sources */ = {isa = PBXBuildFile; fileRef = 4A105FEA2519D5CB00262B21 /* keqiangboyaboutusViewController.m */; };
		4A105FF02519D69E00262B21 /* keqiangboysSugestionViewController.m in Sources */ = {isa = PBXBuildFile; fileRef = 4A105FEF2519D69E00262B21 /* keqiangboysSugestionViewController.m */; };
		4A105FF22519D6CF00262B21 /* keqiangboy.html in Resources */ = {isa = PBXBuildFile; fileRef = 4A105FF12519D6CF00262B21 /* keqiangboy.html */; };
		4A105FF52519D78400262B21 /* keqangbiytsAdviceCollectionCell.m in Sources */ = {isa = PBXBuildFile; fileRef = 4A105FF42519D78400262B21 /* keqangbiytsAdviceCollectionCell.m */; };
		4A105FFA2519DA5700262B21 /* keqiangdongtaiiViewController.m in Sources */ = {isa = PBXBuildFile; fileRef = 4A105FF92519DA5700262B21 /* keqiangdongtaiiViewController.m */; };
		4A105FFE2519DA6700262B21 /* keqiannyuyueViewController.m in Sources */ = {isa = PBXBuildFile; fileRef = 4A105FFD2519DA6700262B21 /* keqiannyuyueViewController.m */; };
		4A1060022519DDA000262B21 /* keqiangboyInfosViewController.m in Sources */ = {isa = PBXBuildFile; fileRef = 4A1060012519DDA000262B21 /* keqiangboyInfosViewController.m */; };
		4A1060072519DE2000262B21 /* keqiangboysinfoDetailContrler.m in Sources */ = {isa = PBXBuildFile; fileRef = 4A1060042519DE2000262B21 /* keqiangboysinfoDetailContrler.m */; };
		4A1060082519DE2000262B21 /* keqiangboysinfoTableViewCell.m in Sources */ = {isa = PBXBuildFile; fileRef = 4A1060052519DE2000262B21 /* keqiangboysinfoTableViewCell.m */; };
		4A10600C2519E24900262B21 /* keqiangboyLogoinsViewController.m in Sources */ = {isa = PBXBuildFile; fileRef = 4A10600B2519E24900262B21 /* keqiangboyLogoinsViewController.m */; };
		4A10600F2519E26D00262B21 /* keqiangbouRegisterViewController.m in Sources */ = {isa = PBXBuildFile; fileRef = 4A10600E2519E26D00262B21 /* keqiangbouRegisterViewController.m */; };
		4A1060122519E27F00262B21 /* keqiangFindpasswordViewController.m in Sources */ = {isa = PBXBuildFile; fileRef = 4A1060112519E27F00262B21 /* keqiangFindpasswordViewController.m */; };
		4A106015251A19E800262B21 /* keqiangboyHangqingModel.m in Sources */ = {isa = PBXBuildFile; fileRef = 4A106014251A19E800262B21 /* keqiangboyHangqingModel.m */; };
		4A106019251A27BD00262B21 /* keqaingboysjubaoController.m in Sources */ = {isa = PBXBuildFile; fileRef = 4A106018251A27BD00262B21 /* keqaingboysjubaoController.m */; };
		4A10601C251A27D400262B21 /* keqiangboyjbaoTabelViewCell.m in Sources */ = {isa = PBXBuildFile; fileRef = 4A10601A251A27D400262B21 /* keqiangboyjbaoTabelViewCell.m */; };
		4A10601F251A27E200262B21 /* keqiangboyjubaoModle.m in Sources */ = {isa = PBXBuildFile; fileRef = 4A10601D251A27E200262B21 /* keqiangboyjubaoModle.m */; };
		4A106023251A33B000262B21 /* keqiangboyNewsListViewController.m in Sources */ = {isa = PBXBuildFile; fileRef = 4A106022251A33B000262B21 /* keqiangboyNewsListViewController.m */; };
		4A10602A251A34C500262B21 /* keqiangboysNewsListDetailController.m in Sources */ = {isa = PBXBuildFile; fileRef = 4A106026251A34C500262B21 /* keqiangboysNewsListDetailController.m */; };
		4A10602B251A34C500262B21 /* keqiangboysNewsListTableViewCell.m in Sources */ = {isa = PBXBuildFile; fileRef = 4A106028251A34C500262B21 /* keqiangboysNewsListTableViewCell.m */; };
		4A10602C251A34C500262B21 /* keqiangboysNewsListModel.m in Sources */ = {isa = PBXBuildFile; fileRef = 4A106029251A34C500262B21 /* keqiangboysNewsListModel.m */; };
		4A40B1032519A12800C7BD64 /* AppDelegate.m in Sources */ = {isa = PBXBuildFile; fileRef = 4A40B1022519A12800C7BD64 /* AppDelegate.m */; };
		4A40B10C2519A12800C7BD64 /* Main.storyboard in Resources */ = {isa = PBXBuildFile; fileRef = 4A40B10A2519A12800C7BD64 /* Main.storyboard */; };
		4A40B10E2519A12B00C7BD64 /* Assets.xcassets in Resources */ = {isa = PBXBuildFile; fileRef = 4A40B10D2519A12B00C7BD64 /* Assets.xcassets */; };
		4A40B1112519A12B00C7BD64 /* LaunchScreen.storyboard in Resources */ = {isa = PBXBuildFile; fileRef = 4A40B10F2519A12B00C7BD64 /* LaunchScreen.storyboard */; };
		4A40B1142519A12B00C7BD64 /* main.m in Sources */ = {isa = PBXBuildFile; fileRef = 4A40B1132519A12B00C7BD64 /* main.m */; };
		4A442DFE251AD24A0011E07F /* keqiangmyyuyueViewController.m in Sources */ = {isa = PBXBuildFile; fileRef = 4A442DFD251AD24A0011E07F /* keqiangmyyuyueViewController.m */; };
		4A442E01251AD32D0011E07F /* keqiangmyyuyeTableViewCell.m in Sources */ = {isa = PBXBuildFile; fileRef = 4A442E00251AD32D0011E07F /* keqiangmyyuyeTableViewCell.m */; };
		4A442E05251AD3D50011E07F /* keqiangboymyRoomdViewController.m in Sources */ = {isa = PBXBuildFile; fileRef = 4A442E04251AD3D50011E07F /* keqiangboymyRoomdViewController.m */; };
		4A442E08251ADA220011E07F /* keqiangboysaishiModle.m in Sources */ = {isa = PBXBuildFile; fileRef = 4A442E07251ADA220011E07F /* keqiangboysaishiModle.m */; };
		4A442E0E251AE5BD0011E07F /* keqiangboyVideomModel.m in Sources */ = {isa = PBXBuildFile; fileRef = 4A442E0D251AE5BD0011E07F /* keqiangboyVideomModel.m */; };
		4A442E19251AEF240011E07F /* keqianboyrommTableViewCell.m in Sources */ = {isa = PBXBuildFile; fileRef = 4A442E18251AEF240011E07F /* keqianboyrommTableViewCell.m */; };
		4A442E1F251AF3BC0011E07F /* keqiangboyRoomDetailViewController.m in Sources */ = {isa = PBXBuildFile; fileRef = 4A442E1E251AF3BC0011E07F /* keqiangboyRoomDetailViewController.m */; };
		4A442E22251B0DD10011E07F /* WWStarView.m in Sources */ = {isa = PBXBuildFile; fileRef = 4A442E21251B0DD00011E07F /* WWStarView.m */; };
		4A442E25251B124A0011E07F /* keqiangChangdiModel.m in Sources */ = {isa = PBXBuildFile; fileRef = 4A442E24251B124A0011E07F /* keqiangChangdiModel.m */; };
		4A442E29251B23F70011E07F /* keqiangboyLijiyuyeViewController.m in Sources */ = {isa = PBXBuildFile; fileRef = 4A442E28251B23F70011E07F /* keqiangboyLijiyuyeViewController.m */; };
		4A442E2D251B90180011E07F /* keqiangboysystemmsgViewController.m in Sources */ = {isa = PBXBuildFile; fileRef = 4A442E2C251B90180011E07F /* keqiangboysystemmsgViewController.m */; };
		4A442E32251B90670011E07F /* keqiangboymsgDetailController.m in Sources */ = {isa = PBXBuildFile; fileRef = 4A442E2F251B90670011E07F /* keqiangboymsgDetailController.m */; };
		4A442E33251B90670011E07F /* keqangboymsgTbaleviewCell.m in Sources */ = {isa = PBXBuildFile; fileRef = 4A442E31251B90670011E07F /* keqangboymsgTbaleviewCell.m */; };
		4A45B75D251C41130027D42E /* libz.tbd in Frameworks */ = {isa = PBXBuildFile; fileRef = 4A45B75C251C41130027D42E /* libz.tbd */; };
		4A45B75F251C41190027D42E /* libsqlite3.tbd in Frameworks */ = {isa = PBXBuildFile; fileRef = 4A45B75E251C41190027D42E /* libsqlite3.tbd */; };
		4A45B761251C41210027D42E /* CoreTelephony.framework in Frameworks */ = {isa = PBXBuildFile; fileRef = 4A45B760251C41210027D42E /* CoreTelephony.framework */; };
		4A45B763251C41250027D42E /* SystemConfiguration.framework in Frameworks */ = {isa = PBXBuildFile; fileRef = 4A45B762251C41250027D42E /* SystemConfiguration.framework */; };
		D2F5D52D13636B62B4508ACE /* Pods_keqiangboy.framework in Frameworks */ = {isa = PBXBuildFile; fileRef = FECF8F7581B7A9332BB53459 /* Pods_keqiangboy.framework */; };
/* End PBXBuildFile section */

/* Begin PBXFileReference section */
		4A105F592519AC4E00262B21 /* Header.h */ = {isa = PBXFileReference; lastKnownFileType = sourcecode.c.h; path = Header.h; sourceTree = "<group>"; };
		4A105F5A2519AC5800262B21 /* PrefixHeader.pch */ = {isa = PBXFileReference; lastKnownFileType = sourcecode.c.h; path = PrefixHeader.pch; sourceTree = "<group>"; };
		4A105F5C2519ACAD00262B21 /* NSString+StringSize.h */ = {isa = PBXFileReference; fileEncoding = 4; lastKnownFileType = sourcecode.c.h; path = "NSString+StringSize.h"; sourceTree = "<group>"; };
		4A105F5D2519ACAD00262B21 /* UIImage+LaunchImgNameSize.m */ = {isa = PBXFileReference; fileEncoding = 4; lastKnownFileType = sourcecode.c.objc; path = "UIImage+LaunchImgNameSize.m"; sourceTree = "<group>"; };
		4A105F5E2519ACAD00262B21 /* NSDictionary+DeleteNull.h */ = {isa = PBXFileReference; fileEncoding = 4; lastKnownFileType = sourcecode.c.h; path = "NSDictionary+DeleteNull.h"; sourceTree = "<group>"; };
		4A105F5F2519ACAD00262B21 /* UJNJobsNewssFlaout.m */ = {isa = PBXFileReference; fileEncoding = 4; lastKnownFileType = sourcecode.c.objc; path = UJNJobsNewssFlaout.m; sourceTree = "<group>"; };
		4A105F602519ACAD00262B21 /* NSDictionary+ZBKeyMapping.h */ = {isa = PBXFileReference; fileEncoding = 4; lastKnownFileType = sourcecode.c.h; path = "NSDictionary+ZBKeyMapping.h"; sourceTree = "<group>"; };
		4A105F612519ACAD00262B21 /* SGAdvertScrollView.m */ = {isa = PBXFileReference; fileEncoding = 4; lastKnownFileType = sourcecode.c.objc; path = SGAdvertScrollView.m; sourceTree = "<group>"; };
		4A105F622519ACAD00262B21 /* UIColor+ColorChange.h */ = {isa = PBXFileReference; fileEncoding = 4; lastKnownFileType = sourcecode.c.h; path = "UIColor+ColorChange.h"; sourceTree = "<group>"; };
		4A105F632519ACAD00262B21 /* SGAdvertScrollView.h */ = {isa = PBXFileReference; fileEncoding = 4; lastKnownFileType = sourcecode.c.h; path = SGAdvertScrollView.h; sourceTree = "<group>"; };
		4A105F642519ACAD00262B21 /* UJNJobsNewssFlaout.h */ = {isa = PBXFileReference; fileEncoding = 4; lastKnownFileType = sourcecode.c.h; path = UJNJobsNewssFlaout.h; sourceTree = "<group>"; };
		4A105F662519ACAD00262B21 /* BouncingBallView.m */ = {isa = PBXFileReference; fileEncoding = 4; lastKnownFileType = sourcecode.c.objc; path = BouncingBallView.m; sourceTree = "<group>"; };
		4A105F672519ACAD00262B21 /* UIColor+ColorChange.m */ = {isa = PBXFileReference; fileEncoding = 4; lastKnownFileType = sourcecode.c.objc; path = "UIColor+ColorChange.m"; sourceTree = "<group>"; };
		4A105F682519ACAD00262B21 /* UIView+shadowPath.m */ = {isa = PBXFileReference; fileEncoding = 4; lastKnownFileType = sourcecode.c.objc; path = "UIView+shadowPath.m"; sourceTree = "<group>"; };
		4A105F692519ACAD00262B21 /* UIView+HZXFrame.h */ = {isa = PBXFileReference; fileEncoding = 4; lastKnownFileType = sourcecode.c.h; path = "UIView+HZXFrame.h"; sourceTree = "<group>"; };
		4A105F6A2519ACAD00262B21 /* Define.h */ = {isa = PBXFileReference; fileEncoding = 4; lastKnownFileType = sourcecode.c.h; path = Define.h; sourceTree = "<group>"; };
		4A105F6B2519ACAD00262B21 /* SSDeviceDefault.h */ = {isa = PBXFileReference; fileEncoding = 4; lastKnownFileType = sourcecode.c.h; path = SSDeviceDefault.h; sourceTree = "<group>"; };
		4A105F6C2519ACAD00262B21 /* NSObject+SSAdd.h */ = {isa = PBXFileReference; fileEncoding = 4; lastKnownFileType = sourcecode.c.h; path = "NSObject+SSAdd.h"; sourceTree = "<group>"; };
		4A105F6D2519ACAD00262B21 /* UILabel+CDGPSpaceLb.h */ = {isa = PBXFileReference; fileEncoding = 4; lastKnownFileType = sourcecode.c.h; path = "UILabel+CDGPSpaceLb.h"; sourceTree = "<group>"; };
		4A105F6E2519ACAD00262B21 /* UIView+shadowPath.h */ = {isa = PBXFileReference; fileEncoding = 4; lastKnownFileType = sourcecode.c.h; path = "UIView+shadowPath.h"; sourceTree = "<group>"; };
		4A105F6F2519ACAD00262B21 /* UIColor+ColorChange.h */ = {isa = PBXFileReference; fileEncoding = 4; lastKnownFileType = sourcecode.c.h; path = "UIColor+ColorChange.h"; sourceTree = "<group>"; };
		4A105F702519ACAD00262B21 /* BouncingBallView.h */ = {isa = PBXFileReference; fileEncoding = 4; lastKnownFileType = sourcecode.c.h; path = BouncingBallView.h; sourceTree = "<group>"; };
		4A105F712519ACAD00262B21 /* UIView+HZXFrame.m */ = {isa = PBXFileReference; fileEncoding = 4; lastKnownFileType = sourcecode.c.objc; path = "UIView+HZXFrame.m"; sourceTree = "<group>"; };
		4A105F722519ACAD00262B21 /* NSObject+SSAdd.m */ = {isa = PBXFileReference; fileEncoding = 4; lastKnownFileType = sourcecode.c.objc; path = "NSObject+SSAdd.m"; sourceTree = "<group>"; };
		4A105F732519ACAD00262B21 /* SSDeviceDefault.m */ = {isa = PBXFileReference; fileEncoding = 4; lastKnownFileType = sourcecode.c.objc; path = SSDeviceDefault.m; sourceTree = "<group>"; };
		4A105F742519ACAD00262B21 /* UILabel+CDGPSpaceLb.m */ = {isa = PBXFileReference; fileEncoding = 4; lastKnownFileType = sourcecode.c.objc; path = "UILabel+CDGPSpaceLb.m"; sourceTree = "<group>"; };
		4A105F752519ACAD00262B21 /* NSString+StringSize.m */ = {isa = PBXFileReference; fileEncoding = 4; lastKnownFileType = sourcecode.c.objc; path = "NSString+StringSize.m"; sourceTree = "<group>"; };
		4A105F762519ACAD00262B21 /* WMDragView.m */ = {isa = PBXFileReference; fileEncoding = 4; lastKnownFileType = sourcecode.c.objc; path = WMDragView.m; sourceTree = "<group>"; };
		4A105F772519ACAD00262B21 /* LMJHorizontalScrollText.m */ = {isa = PBXFileReference; fileEncoding = 4; lastKnownFileType = sourcecode.c.objc; path = LMJHorizontalScrollText.m; sourceTree = "<group>"; };
		4A105F782519ACAE00262B21 /* RFVStarImgSizeTool.h */ = {isa = PBXFileReference; fileEncoding = 4; lastKnownFileType = sourcecode.c.h; path = RFVStarImgSizeTool.h; sourceTree = "<group>"; };
		4A105F792519ACAE00262B21 /* WMDragView.h */ = {isa = PBXFileReference; fileEncoding = 4; lastKnownFileType = sourcecode.c.h; path = WMDragView.h; sourceTree = "<group>"; };
		4A105F7A2519ACAE00262B21 /* NSDictionary+DeleteNull.m */ = {isa = PBXFileReference; fileEncoding = 4; lastKnownFileType = sourcecode.c.objc; path = "NSDictionary+DeleteNull.m"; sourceTree = "<group>"; };
		4A105F7B2519ACAE00262B21 /* TTJZHttpTool.m */ = {isa = PBXFileReference; fileEncoding = 4; lastKnownFileType = sourcecode.c.objc; path = TTJZHttpTool.m; sourceTree = "<group>"; };
		4A105F7C2519ACAE00262B21 /* NSDictionary+ZBKeyMapping.m */ = {isa = PBXFileReference; fileEncoding = 4; lastKnownFileType = sourcecode.c.objc; path = "NSDictionary+ZBKeyMapping.m"; sourceTree = "<group>"; };
		4A105F7D2519ACAE00262B21 /* UIColor+ColorChange.m */ = {isa = PBXFileReference; fileEncoding = 4; lastKnownFileType = sourcecode.c.objc; path = "UIColor+ColorChange.m"; sourceTree = "<group>"; };
		4A105F7E2519ACAE00262B21 /* TTJZHttpTool.h */ = {isa = PBXFileReference; fileEncoding = 4; lastKnownFileType = sourcecode.c.h; path = TTJZHttpTool.h; sourceTree = "<group>"; };
		4A105F7F2519ACAE00262B21 /* UIImage+LaunchImgNameSize.h */ = {isa = PBXFileReference; fileEncoding = 4; lastKnownFileType = sourcecode.c.h; path = "UIImage+LaunchImgNameSize.h"; sourceTree = "<group>"; };
		4A105F802519ACAE00262B21 /* UIView+ACSLayer.m */ = {isa = PBXFileReference; fileEncoding = 4; lastKnownFileType = sourcecode.c.objc; path = "UIView+ACSLayer.m"; sourceTree = "<group>"; };
		4A105F812519ACAE00262B21 /* UIViewController+IOS13.h */ = {isa = PBXFileReference; fileEncoding = 4; lastKnownFileType = sourcecode.c.h; path = "UIViewController+IOS13.h"; sourceTree = "<group>"; };
		4A105F822519ACAE00262B21 /* UIViewController+IOS13.m */ = {isa = PBXFileReference; fileEncoding = 4; lastKnownFileType = sourcecode.c.objc; path = "UIViewController+IOS13.m"; sourceTree = "<group>"; };
		4A105F832519ACAE00262B21 /* UIView+ACSLayer.h */ = {isa = PBXFileReference; fileEncoding = 4; lastKnownFileType = sourcecode.c.h; path = "UIView+ACSLayer.h"; sourceTree = "<group>"; };
		4A105F842519ACAE00262B21 /* RFVStarImgSizeTool.m */ = {isa = PBXFileReference; fileEncoding = 4; lastKnownFileType = sourcecode.c.objc; path = RFVStarImgSizeTool.m; sourceTree = "<group>"; };
		4A105F852519ACAE00262B21 /* LMJHorizontalScrollText.h */ = {isa = PBXFileReference; fileEncoding = 4; lastKnownFileType = sourcecode.c.h; path = LMJHorizontalScrollText.h; sourceTree = "<group>"; };
		4A105F9C2519AD0900262B21 /* keqiangboyBaseViewController.h */ = {isa = PBXFileReference; lastKnownFileType = sourcecode.c.h; path = keqiangboyBaseViewController.h; sourceTree = "<group>"; };
		4A105F9D2519AD0900262B21 /* keqiangboyBaseViewController.m */ = {isa = PBXFileReference; lastKnownFileType = sourcecode.c.objc; path = keqiangboyBaseViewController.m; sourceTree = "<group>"; };
		4A105F9F2519AD1E00262B21 /* keqiangboybaseTabbarViewController.h */ = {isa = PBXFileReference; lastKnownFileType = sourcecode.c.h; path = keqiangboybaseTabbarViewController.h; sourceTree = "<group>"; };
		4A105FA02519AD1E00262B21 /* keqiangboybaseTabbarViewController.m */ = {isa = PBXFileReference; lastKnownFileType = sourcecode.c.objc; path = keqiangboybaseTabbarViewController.m; sourceTree = "<group>"; };
		4A105FA62519AD6B00262B21 /* keqiangboyHomeViewController.h */ = {isa = PBXFileReference; lastKnownFileType = sourcecode.c.h; path = keqiangboyHomeViewController.h; sourceTree = "<group>"; };
		4A105FA72519AD6B00262B21 /* keqiangboyHomeViewController.m */ = {isa = PBXFileReference; lastKnownFileType = sourcecode.c.objc; path = keqiangboyHomeViewController.m; sourceTree = "<group>"; };
		4A105FA92519AD7300262B21 /* keqiangboyhangViewController.h */ = {isa = PBXFileReference; lastKnownFileType = sourcecode.c.h; path = keqiangboyhangViewController.h; sourceTree = "<group>"; };
		4A105FAA2519AD7300262B21 /* keqiangboyhangViewController.m */ = {isa = PBXFileReference; lastKnownFileType = sourcecode.c.objc; path = keqiangboyhangViewController.m; sourceTree = "<group>"; };
		4A105FAC2519AD7900262B21 /* keqiangmsgViewController.h */ = {isa = PBXFileReference; lastKnownFileType = sourcecode.c.h; path = keqiangmsgViewController.h; sourceTree = "<group>"; };
		4A105FAD2519AD7900262B21 /* keqiangmsgViewController.m */ = {isa = PBXFileReference; lastKnownFileType = sourcecode.c.objc; path = keqiangmsgViewController.m; sourceTree = "<group>"; };
		4A105FAF2519AD8000262B21 /* keqiangboyCenterViewController.h */ = {isa = PBXFileReference; lastKnownFileType = sourcecode.c.h; path = keqiangboyCenterViewController.h; sourceTree = "<group>"; };
		4A105FB02519AD8000262B21 /* keqiangboyCenterViewController.m */ = {isa = PBXFileReference; lastKnownFileType = sourcecode.c.objc; path = keqiangboyCenterViewController.m; sourceTree = "<group>"; };
		4A105FB22519AFF400262B21 /* keqiangboyHomeTableViewCell.h */ = {isa = PBXFileReference; lastKnownFileType = sourcecode.c.h; path = keqiangboyHomeTableViewCell.h; sourceTree = "<group>"; };
		4A105FB32519AFF400262B21 /* keqiangboyHomeTableViewCell.m */ = {isa = PBXFileReference; lastKnownFileType = sourcecode.c.objc; path = keqiangboyHomeTableViewCell.m; sourceTree = "<group>"; };
		4A105FB52519B02F00262B21 /* keqianghomeboyHeaderView.h */ = {isa = PBXFileReference; lastKnownFileType = sourcecode.c.h; path = keqianghomeboyHeaderView.h; sourceTree = "<group>"; };
		4A105FB62519B02F00262B21 /* keqianghomeboyHeaderView.m */ = {isa = PBXFileReference; lastKnownFileType = sourcecode.c.objc; path = keqianghomeboyHeaderView.m; sourceTree = "<group>"; };
		4A105FB82519B0AA00262B21 /* keqianghomeBtn.h */ = {isa = PBXFileReference; lastKnownFileType = sourcecode.c.h; path = keqianghomeBtn.h; sourceTree = "<group>"; };
		4A105FB92519B0AA00262B21 /* keqianghomeBtn.m */ = {isa = PBXFileReference; lastKnownFileType = sourcecode.c.objc; path = keqianghomeBtn.m; sourceTree = "<group>"; };
		4A105FBB2519BB3C00262B21 /* keqiangsaishiBtn.h */ = {isa = PBXFileReference; lastKnownFileType = sourcecode.c.h; path = keqiangsaishiBtn.h; sourceTree = "<group>"; };
		4A105FBC2519BB3C00262B21 /* keqiangsaishiBtn.m */ = {isa = PBXFileReference; lastKnownFileType = sourcecode.c.objc; path = keqiangsaishiBtn.m; sourceTree = "<group>"; };
		4A105FBF2519BEA500262B21 /* keqiangsaishiListViewController.h */ = {isa = PBXFileReference; lastKnownFileType = sourcecode.c.h; path = keqiangsaishiListViewController.h; sourceTree = "<group>"; };
		4A105FC02519BEA500262B21 /* keqiangsaishiListViewController.m */ = {isa = PBXFileReference; lastKnownFileType = sourcecode.c.objc; path = keqiangsaishiListViewController.m; sourceTree = "<group>"; };
		4A105FC22519C28A00262B21 /* keqiangboyhangqingTableViewCell.h */ = {isa = PBXFileReference; lastKnownFileType = sourcecode.c.h; path = keqiangboyhangqingTableViewCell.h; sourceTree = "<group>"; };
		4A105FC32519C28A00262B21 /* keqiangboyhangqingTableViewCell.m */ = {isa = PBXFileReference; lastKnownFileType = sourcecode.c.objc; path = keqiangboyhangqingTableViewCell.m; sourceTree = "<group>"; };
		4A105FC52519C4C700262B21 /* keqiangboyhangCollectionViewCell.h */ = {isa = PBXFileReference; lastKnownFileType = sourcecode.c.h; path = keqiangboyhangCollectionViewCell.h; sourceTree = "<group>"; };
		4A105FC62519C4C700262B21 /* keqiangboyhangCollectionViewCell.m */ = {isa = PBXFileReference; lastKnownFileType = sourcecode.c.objc; path = keqiangboyhangCollectionViewCell.m; sourceTree = "<group>"; };
		4A105FC82519C5F300262B21 /* keqiangboyAdreeBtn.h */ = {isa = PBXFileReference; lastKnownFileType = sourcecode.c.h; path = keqiangboyAdreeBtn.h; sourceTree = "<group>"; };
		4A105FC92519C5F300262B21 /* keqiangboyAdreeBtn.m */ = {isa = PBXFileReference; lastKnownFileType = sourcecode.c.objc; path = keqiangboyAdreeBtn.m; sourceTree = "<group>"; };
		4A105FCC2519C86E00262B21 /* keqianghangSendingViewController.h */ = {isa = PBXFileReference; lastKnownFileType = sourcecode.c.h; path = keqianghangSendingViewController.h; sourceTree = "<group>"; };
		4A105FCD2519C86E00262B21 /* keqianghangSendingViewController.m */ = {isa = PBXFileReference; lastKnownFileType = sourcecode.c.objc; path = keqianghangSendingViewController.m; sourceTree = "<group>"; };
		4A105FCF2519CB3200262B21 /* keqiangboySendingCollectionCell.h */ = {isa = PBXFileReference; fileEncoding = 4; lastKnownFileType = sourcecode.c.h; path = keqiangboySendingCollectionCell.h; sourceTree = "<group>"; };
		4A105FD02519CB3200262B21 /* keqiangboySendingCollectionCell.m */ = {isa = PBXFileReference; fileEncoding = 4; lastKnownFileType = sourcecode.c.objc; path = keqiangboySendingCollectionCell.m; sourceTree = "<group>"; };
		4A105FD32519CD7F00262B21 /* keqainggboyComentViewController.h */ = {isa = PBXFileReference; lastKnownFileType = sourcecode.c.h; path = keqainggboyComentViewController.h; sourceTree = "<group>"; };
		4A105FD42519CD7F00262B21 /* keqainggboyComentViewController.m */ = {isa = PBXFileReference; lastKnownFileType = sourcecode.c.objc; path = keqainggboyComentViewController.m; sourceTree = "<group>"; };
		4A105FD62519CE6D00262B21 /* keqiangboyComentListTableViewCell.h */ = {isa = PBXFileReference; fileEncoding = 4; lastKnownFileType = sourcecode.c.h; path = keqiangboyComentListTableViewCell.h; sourceTree = "<group>"; };
		4A105FD72519CE6D00262B21 /* keqiangboyComentListTableViewCell.m */ = {isa = PBXFileReference; fileEncoding = 4; lastKnownFileType = sourcecode.c.objc; path = keqiangboyComentListTableViewCell.m; sourceTree = "<group>"; };
		4A105FD92519CE8E00262B21 /* keqiangboyDetailComenrModle.h */ = {isa = PBXFileReference; fileEncoding = 4; lastKnownFileType = sourcecode.c.h; path = keqiangboyDetailComenrModle.h; sourceTree = "<group>"; };
		4A105FDA2519CE8E00262B21 /* keqiangboyDetailComenrModle.m */ = {isa = PBXFileReference; fileEncoding = 4; lastKnownFileType = sourcecode.c.objc; path = keqiangboyDetailComenrModle.m; sourceTree = "<group>"; };
		4A105FDC2519CE9800262B21 /* keqiangboyBaseModel.h */ = {isa = PBXFileReference; lastKnownFileType = sourcecode.c.h; path = keqiangboyBaseModel.h; sourceTree = "<group>"; };
		4A105FDD2519CE9800262B21 /* keqiangboyBaseModel.m */ = {isa = PBXFileReference; lastKnownFileType = sourcecode.c.objc; path = keqiangboyBaseModel.m; sourceTree = "<group>"; };
		4A105FDF2519CF3700262B21 /* keqiangboyDetailBtn.h */ = {isa = PBXFileReference; fileEncoding = 4; lastKnownFileType = sourcecode.c.h; path = keqiangboyDetailBtn.h; sourceTree = "<group>"; };
		4A105FE02519CF3700262B21 /* keqiangboyDetailBtn.m */ = {isa = PBXFileReference; fileEncoding = 4; lastKnownFileType = sourcecode.c.objc; path = keqiangboyDetailBtn.m; sourceTree = "<group>"; };
		4A105FE22519D1F100262B21 /* keqiangboyCenterTableViewCell.h */ = {isa = PBXFileReference; lastKnownFileType = sourcecode.c.h; path = keqiangboyCenterTableViewCell.h; sourceTree = "<group>"; };
		4A105FE32519D1F100262B21 /* keqiangboyCenterTableViewCell.m */ = {isa = PBXFileReference; lastKnownFileType = sourcecode.c.objc; path = keqiangboyCenterTableViewCell.m; sourceTree = "<group>"; };
		4A105FE52519D2F100262B21 /* keqiangboyCenterHeaderView.h */ = {isa = PBXFileReference; lastKnownFileType = sourcecode.c.h; path = keqiangboyCenterHeaderView.h; sourceTree = "<group>"; };
		4A105FE62519D2F100262B21 /* keqiangboyCenterHeaderView.m */ = {isa = PBXFileReference; lastKnownFileType = sourcecode.c.objc; path = keqiangboyCenterHeaderView.m; sourceTree = "<group>"; };
		4A105FE92519D5CB00262B21 /* keqiangboyaboutusViewController.h */ = {isa = PBXFileReference; lastKnownFileType = sourcecode.c.h; path = keqiangboyaboutusViewController.h; sourceTree = "<group>"; };
		4A105FEA2519D5CB00262B21 /* keqiangboyaboutusViewController.m */ = {isa = PBXFileReference; lastKnownFileType = sourcecode.c.objc; path = keqiangboyaboutusViewController.m; sourceTree = "<group>"; };
		4A105FEE2519D69E00262B21 /* keqiangboysSugestionViewController.h */ = {isa = PBXFileReference; lastKnownFileType = sourcecode.c.h; path = keqiangboysSugestionViewController.h; sourceTree = "<group>"; };
		4A105FEF2519D69E00262B21 /* keqiangboysSugestionViewController.m */ = {isa = PBXFileReference; lastKnownFileType = sourcecode.c.objc; path = keqiangboysSugestionViewController.m; sourceTree = "<group>"; };
		4A105FF12519D6CF00262B21 /* keqiangboy.html */ = {isa = PBXFileReference; fileEncoding = 4; lastKnownFileType = text.html; path = keqiangboy.html; sourceTree = "<group>"; };
		4A105FF32519D78400262B21 /* keqangbiytsAdviceCollectionCell.h */ = {isa = PBXFileReference; fileEncoding = 4; lastKnownFileType = sourcecode.c.h; path = keqangbiytsAdviceCollectionCell.h; sourceTree = "<group>"; };
		4A105FF42519D78400262B21 /* keqangbiytsAdviceCollectionCell.m */ = {isa = PBXFileReference; fileEncoding = 4; lastKnownFileType = sourcecode.c.objc; path = keqangbiytsAdviceCollectionCell.m; sourceTree = "<group>"; };
		4A105FF82519DA5700262B21 /* keqiangdongtaiiViewController.h */ = {isa = PBXFileReference; lastKnownFileType = sourcecode.c.h; path = keqiangdongtaiiViewController.h; sourceTree = "<group>"; };
		4A105FF92519DA5700262B21 /* keqiangdongtaiiViewController.m */ = {isa = PBXFileReference; lastKnownFileType = sourcecode.c.objc; path = keqiangdongtaiiViewController.m; sourceTree = "<group>"; };
		4A105FFC2519DA6700262B21 /* keqiannyuyueViewController.h */ = {isa = PBXFileReference; lastKnownFileType = sourcecode.c.h; path = keqiannyuyueViewController.h; sourceTree = "<group>"; };
		4A105FFD2519DA6700262B21 /* keqiannyuyueViewController.m */ = {isa = PBXFileReference; lastKnownFileType = sourcecode.c.objc; path = keqiannyuyueViewController.m; sourceTree = "<group>"; };
		4A1060002519DDA000262B21 /* keqiangboyInfosViewController.h */ = {isa = PBXFileReference; lastKnownFileType = sourcecode.c.h; path = keqiangboyInfosViewController.h; sourceTree = "<group>"; };
		4A1060012519DDA000262B21 /* keqiangboyInfosViewController.m */ = {isa = PBXFileReference; lastKnownFileType = sourcecode.c.objc; path = keqiangboyInfosViewController.m; sourceTree = "<group>"; };
		4A1060032519DE1F00262B21 /* keqiangboysinfoDetailContrler.h */ = {isa = PBXFileReference; fileEncoding = 4; lastKnownFileType = sourcecode.c.h; path = keqiangboysinfoDetailContrler.h; sourceTree = "<group>"; };
		4A1060042519DE2000262B21 /* keqiangboysinfoDetailContrler.m */ = {isa = PBXFileReference; fileEncoding = 4; lastKnownFileType = sourcecode.c.objc; path = keqiangboysinfoDetailContrler.m; sourceTree = "<group>"; };
		4A1060052519DE2000262B21 /* keqiangboysinfoTableViewCell.m */ = {isa = PBXFileReference; fileEncoding = 4; lastKnownFileType = sourcecode.c.objc; path = keqiangboysinfoTableViewCell.m; sourceTree = "<group>"; };
		4A1060062519DE2000262B21 /* keqiangboysinfoTableViewCell.h */ = {isa = PBXFileReference; fileEncoding = 4; lastKnownFileType = sourcecode.c.h; path = keqiangboysinfoTableViewCell.h; sourceTree = "<group>"; };
		4A10600A2519E24900262B21 /* keqiangboyLogoinsViewController.h */ = {isa = PBXFileReference; lastKnownFileType = sourcecode.c.h; path = keqiangboyLogoinsViewController.h; sourceTree = "<group>"; };
		4A10600B2519E24900262B21 /* keqiangboyLogoinsViewController.m */ = {isa = PBXFileReference; lastKnownFileType = sourcecode.c.objc; path = keqiangboyLogoinsViewController.m; sourceTree = "<group>"; };
		4A10600D2519E26D00262B21 /* keqiangbouRegisterViewController.h */ = {isa = PBXFileReference; lastKnownFileType = sourcecode.c.h; path = keqiangbouRegisterViewController.h; sourceTree = "<group>"; };
		4A10600E2519E26D00262B21 /* keqiangbouRegisterViewController.m */ = {isa = PBXFileReference; lastKnownFileType = sourcecode.c.objc; path = keqiangbouRegisterViewController.m; sourceTree = "<group>"; };
		4A1060102519E27F00262B21 /* keqiangFindpasswordViewController.h */ = {isa = PBXFileReference; lastKnownFileType = sourcecode.c.h; path = keqiangFindpasswordViewController.h; sourceTree = "<group>"; };
		4A1060112519E27F00262B21 /* keqiangFindpasswordViewController.m */ = {isa = PBXFileReference; lastKnownFileType = sourcecode.c.objc; path = keqiangFindpasswordViewController.m; sourceTree = "<group>"; };
		4A106013251A19E800262B21 /* keqiangboyHangqingModel.h */ = {isa = PBXFileReference; lastKnownFileType = sourcecode.c.h; path = keqiangboyHangqingModel.h; sourceTree = "<group>"; };
		4A106014251A19E800262B21 /* keqiangboyHangqingModel.m */ = {isa = PBXFileReference; lastKnownFileType = sourcecode.c.objc; path = keqiangboyHangqingModel.m; sourceTree = "<group>"; };
		4A106017251A27BD00262B21 /* keqaingboysjubaoController.h */ = {isa = PBXFileReference; fileEncoding = 4; lastKnownFileType = sourcecode.c.h; path = keqaingboysjubaoController.h; sourceTree = "<group>"; };
		4A106018251A27BD00262B21 /* keqaingboysjubaoController.m */ = {isa = PBXFileReference; fileEncoding = 4; lastKnownFileType = sourcecode.c.objc; path = keqaingboysjubaoController.m; sourceTree = "<group>"; };
		4A10601A251A27D400262B21 /* keqiangboyjbaoTabelViewCell.m */ = {isa = PBXFileReference; fileEncoding = 4; lastKnownFileType = sourcecode.c.objc; path = keqiangboyjbaoTabelViewCell.m; sourceTree = "<group>"; };
		4A10601B251A27D400262B21 /* keqiangboyjbaoTabelViewCell.h */ = {isa = PBXFileReference; fileEncoding = 4; lastKnownFileType = sourcecode.c.h; path = keqiangboyjbaoTabelViewCell.h; sourceTree = "<group>"; };
		4A10601D251A27E200262B21 /* keqiangboyjubaoModle.m */ = {isa = PBXFileReference; fileEncoding = 4; lastKnownFileType = sourcecode.c.objc; path = keqiangboyjubaoModle.m; sourceTree = "<group>"; };
		4A10601E251A27E200262B21 /* keqiangboyjubaoModle.h */ = {isa = PBXFileReference; fileEncoding = 4; lastKnownFileType = sourcecode.c.h; path = keqiangboyjubaoModle.h; sourceTree = "<group>"; };
		4A106021251A33B000262B21 /* keqiangboyNewsListViewController.h */ = {isa = PBXFileReference; lastKnownFileType = sourcecode.c.h; path = keqiangboyNewsListViewController.h; sourceTree = "<group>"; };
		4A106022251A33B000262B21 /* keqiangboyNewsListViewController.m */ = {isa = PBXFileReference; lastKnownFileType = sourcecode.c.objc; path = keqiangboyNewsListViewController.m; sourceTree = "<group>"; };
		4A106024251A34C500262B21 /* keqiangboysNewsListModel.h */ = {isa = PBXFileReference; fileEncoding = 4; lastKnownFileType = sourcecode.c.h; path = keqiangboysNewsListModel.h; sourceTree = "<group>"; };
		4A106025251A34C500262B21 /* keqiangboysNewsListDetailController.h */ = {isa = PBXFileReference; fileEncoding = 4; lastKnownFileType = sourcecode.c.h; path = keqiangboysNewsListDetailController.h; sourceTree = "<group>"; };
		4A106026251A34C500262B21 /* keqiangboysNewsListDetailController.m */ = {isa = PBXFileReference; fileEncoding = 4; lastKnownFileType = sourcecode.c.objc; path = keqiangboysNewsListDetailController.m; sourceTree = "<group>"; };
		4A106027251A34C500262B21 /* keqiangboysNewsListTableViewCell.h */ = {isa = PBXFileReference; fileEncoding = 4; lastKnownFileType = sourcecode.c.h; path = keqiangboysNewsListTableViewCell.h; sourceTree = "<group>"; };
		4A106028251A34C500262B21 /* keqiangboysNewsListTableViewCell.m */ = {isa = PBXFileReference; fileEncoding = 4; lastKnownFileType = sourcecode.c.objc; path = keqiangboysNewsListTableViewCell.m; sourceTree = "<group>"; };
		4A106029251A34C500262B21 /* keqiangboysNewsListModel.m */ = {isa = PBXFileReference; fileEncoding = 4; lastKnownFileType = sourcecode.c.objc; path = keqiangboysNewsListModel.m; sourceTree = "<group>"; };
		4A40B0FE2519A12800C7BD64 /* A8体育.app */ = {isa = PBXFileReference; explicitFileType = wrapper.application; includeInIndex = 0; path = "A8体育.app"; sourceTree = BUILT_PRODUCTS_DIR; };
		4A40B1012519A12800C7BD64 /* AppDelegate.h */ = {isa = PBXFileReference; lastKnownFileType = sourcecode.c.h; path = AppDelegate.h; sourceTree = "<group>"; };
		4A40B1022519A12800C7BD64 /* AppDelegate.m */ = {isa = PBXFileReference; lastKnownFileType = sourcecode.c.objc; path = AppDelegate.m; sourceTree = "<group>"; };
		4A40B10B2519A12800C7BD64 /* Base */ = {isa = PBXFileReference; lastKnownFileType = file.storyboard; name = Base; path = Base.lproj/Main.storyboard; sourceTree = "<group>"; };
		4A40B10D2519A12B00C7BD64 /* Assets.xcassets */ = {isa = PBXFileReference; lastKnownFileType = folder.assetcatalog; path = Assets.xcassets; sourceTree = "<group>"; };
		4A40B1102519A12B00C7BD64 /* Base */ = {isa = PBXFileReference; lastKnownFileType = file.storyboard; name = Base; path = Base.lproj/LaunchScreen.storyboard; sourceTree = "<group>"; };
		4A40B1122519A12B00C7BD64 /* Info.plist */ = {isa = PBXFileReference; lastKnownFileType = text.plist.xml; path = Info.plist; sourceTree = "<group>"; };
		4A40B1132519A12B00C7BD64 /* main.m */ = {isa = PBXFileReference; lastKnownFileType = sourcecode.c.objc; path = main.m; sourceTree = "<group>"; };
		4A442DFC251AD24A0011E07F /* keqiangmyyuyueViewController.h */ = {isa = PBXFileReference; lastKnownFileType = sourcecode.c.h; path = keqiangmyyuyueViewController.h; sourceTree = "<group>"; };
		4A442DFD251AD24A0011E07F /* keqiangmyyuyueViewController.m */ = {isa = PBXFileReference; lastKnownFileType = sourcecode.c.objc; path = keqiangmyyuyueViewController.m; sourceTree = "<group>"; };
		4A442DFF251AD32D0011E07F /* keqiangmyyuyeTableViewCell.h */ = {isa = PBXFileReference; lastKnownFileType = sourcecode.c.h; path = keqiangmyyuyeTableViewCell.h; sourceTree = "<group>"; };
		4A442E00251AD32D0011E07F /* keqiangmyyuyeTableViewCell.m */ = {isa = PBXFileReference; lastKnownFileType = sourcecode.c.objc; path = keqiangmyyuyeTableViewCell.m; sourceTree = "<group>"; };
		4A442E03251AD3D50011E07F /* keqiangboymyRoomdViewController.h */ = {isa = PBXFileReference; lastKnownFileType = sourcecode.c.h; path = keqiangboymyRoomdViewController.h; sourceTree = "<group>"; };
		4A442E04251AD3D50011E07F /* keqiangboymyRoomdViewController.m */ = {isa = PBXFileReference; lastKnownFileType = sourcecode.c.objc; path = keqiangboymyRoomdViewController.m; sourceTree = "<group>"; };
		4A442E06251ADA220011E07F /* keqiangboysaishiModle.h */ = {isa = PBXFileReference; lastKnownFileType = sourcecode.c.h; path = keqiangboysaishiModle.h; sourceTree = "<group>"; };
		4A442E07251ADA220011E07F /* keqiangboysaishiModle.m */ = {isa = PBXFileReference; lastKnownFileType = sourcecode.c.objc; path = keqiangboysaishiModle.m; sourceTree = "<group>"; };
		4A442E0C251AE5BD0011E07F /* keqiangboyVideomModel.h */ = {isa = PBXFileReference; lastKnownFileType = sourcecode.c.h; path = keqiangboyVideomModel.h; sourceTree = "<group>"; };
		4A442E0D251AE5BD0011E07F /* keqiangboyVideomModel.m */ = {isa = PBXFileReference; lastKnownFileType = sourcecode.c.objc; path = keqiangboyVideomModel.m; sourceTree = "<group>"; };
		4A442E17251AEF240011E07F /* keqianboyrommTableViewCell.h */ = {isa = PBXFileReference; lastKnownFileType = sourcecode.c.h; path = keqianboyrommTableViewCell.h; sourceTree = "<group>"; };
		4A442E18251AEF240011E07F /* keqianboyrommTableViewCell.m */ = {isa = PBXFileReference; lastKnownFileType = sourcecode.c.objc; path = keqianboyrommTableViewCell.m; sourceTree = "<group>"; };
		4A442E1D251AF3BC0011E07F /* keqiangboyRoomDetailViewController.h */ = {isa = PBXFileReference; lastKnownFileType = sourcecode.c.h; path = keqiangboyRoomDetailViewController.h; sourceTree = "<group>"; };
		4A442E1E251AF3BC0011E07F /* keqiangboyRoomDetailViewController.m */ = {isa = PBXFileReference; lastKnownFileType = sourcecode.c.objc; path = keqiangboyRoomDetailViewController.m; sourceTree = "<group>"; };
		4A442E20251B0DD00011E07F /* WWStarView.h */ = {isa = PBXFileReference; fileEncoding = 4; lastKnownFileType = sourcecode.c.h; path = WWStarView.h; sourceTree = "<group>"; };
		4A442E21251B0DD00011E07F /* WWStarView.m */ = {isa = PBXFileReference; fileEncoding = 4; lastKnownFileType = sourcecode.c.objc; path = WWStarView.m; sourceTree = "<group>"; };
		4A442E23251B124A0011E07F /* keqiangChangdiModel.h */ = {isa = PBXFileReference; lastKnownFileType = sourcecode.c.h; path = keqiangChangdiModel.h; sourceTree = "<group>"; };
		4A442E24251B124A0011E07F /* keqiangChangdiModel.m */ = {isa = PBXFileReference; lastKnownFileType = sourcecode.c.objc; path = keqiangChangdiModel.m; sourceTree = "<group>"; };
		4A442E27251B23F70011E07F /* keqiangboyLijiyuyeViewController.h */ = {isa = PBXFileReference; lastKnownFileType = sourcecode.c.h; path = keqiangboyLijiyuyeViewController.h; sourceTree = "<group>"; };
		4A442E28251B23F70011E07F /* keqiangboyLijiyuyeViewController.m */ = {isa = PBXFileReference; lastKnownFileType = sourcecode.c.objc; path = keqiangboyLijiyuyeViewController.m; sourceTree = "<group>"; };
		4A442E2B251B90180011E07F /* keqiangboysystemmsgViewController.h */ = {isa = PBXFileReference; lastKnownFileType = sourcecode.c.h; path = keqiangboysystemmsgViewController.h; sourceTree = "<group>"; };
		4A442E2C251B90180011E07F /* keqiangboysystemmsgViewController.m */ = {isa = PBXFileReference; lastKnownFileType = sourcecode.c.objc; path = keqiangboysystemmsgViewController.m; sourceTree = "<group>"; };
		4A442E2E251B90670011E07F /* keqangboymsgTbaleviewCell.h */ = {isa = PBXFileReference; fileEncoding = 4; lastKnownFileType = sourcecode.c.h; path = keqangboymsgTbaleviewCell.h; sourceTree = "<group>"; };
		4A442E2F251B90670011E07F /* keqiangboymsgDetailController.m */ = {isa = PBXFileReference; fileEncoding = 4; lastKnownFileType = sourcecode.c.objc; path = keqiangboymsgDetailController.m; sourceTree = "<group>"; };
		4A442E30251B90670011E07F /* keqiangboymsgDetailController.h */ = {isa = PBXFileReference; fileEncoding = 4; lastKnownFileType = sourcecode.c.h; path = keqiangboymsgDetailController.h; sourceTree = "<group>"; };
		4A442E31251B90670011E07F /* keqangboymsgTbaleviewCell.m */ = {isa = PBXFileReference; fileEncoding = 4; lastKnownFileType = sourcecode.c.objc; path = keqangboymsgTbaleviewCell.m; sourceTree = "<group>"; };
		4A45B75C251C41130027D42E /* libz.tbd */ = {isa = PBXFileReference; lastKnownFileType = "sourcecode.text-based-dylib-definition"; name = libz.tbd; path = usr/lib/libz.tbd; sourceTree = SDKROOT; };
		4A45B75E251C41190027D42E /* libsqlite3.tbd */ = {isa = PBXFileReference; lastKnownFileType = "sourcecode.text-based-dylib-definition"; name = libsqlite3.tbd; path = usr/lib/libsqlite3.tbd; sourceTree = SDKROOT; };
		4A45B760251C41210027D42E /* CoreTelephony.framework */ = {isa = PBXFileReference; lastKnownFileType = wrapper.framework; name = CoreTelephony.framework; path = System/Library/Frameworks/CoreTelephony.framework; sourceTree = SDKROOT; };
		4A45B762251C41250027D42E /* SystemConfiguration.framework */ = {isa = PBXFileReference; lastKnownFileType = wrapper.framework; name = SystemConfiguration.framework; path = System/Library/Frameworks/SystemConfiguration.framework; sourceTree = SDKROOT; };
		5CFCBD7F7405C572B279AA4F /* Pods-keqiangboy.release.xcconfig */ = {isa = PBXFileReference; includeInIndex = 1; lastKnownFileType = text.xcconfig; name = "Pods-keqiangboy.release.xcconfig"; path = "Target Support Files/Pods-keqiangboy/Pods-keqiangboy.release.xcconfig"; sourceTree = "<group>"; };
		9CCC13860F69194D96A7E0ED /* Pods-keqiangboy.debug.xcconfig */ = {isa = PBXFileReference; includeInIndex = 1; lastKnownFileType = text.xcconfig; name = "Pods-keqiangboy.debug.xcconfig"; path = "Target Support Files/Pods-keqiangboy/Pods-keqiangboy.debug.xcconfig"; sourceTree = "<group>"; };
		FECF8F7581B7A9332BB53459 /* Pods_keqiangboy.framework */ = {isa = PBXFileReference; explicitFileType = wrapper.framework; includeInIndex = 0; path = Pods_keqiangboy.framework; sourceTree = BUILT_PRODUCTS_DIR; };
/* End PBXFileReference section */

/* Begin PBXFrameworksBuildPhase section */
		4A40B0FB2519A12800C7BD64 /* Frameworks */ = {
			isa = PBXFrameworksBuildPhase;
			buildActionMask = 2147483647;
			files = (
				4A45B763251C41250027D42E /* SystemConfiguration.framework in Frameworks */,
				4A45B761251C41210027D42E /* CoreTelephony.framework in Frameworks */,
				4A45B75F251C41190027D42E /* libsqlite3.tbd in Frameworks */,
				4A45B75D251C41130027D42E /* libz.tbd in Frameworks */,
				D2F5D52D13636B62B4508ACE /* Pods_keqiangboy.framework in Frameworks */,
			);
			runOnlyForDeploymentPostprocessing = 0;
		};
/* End PBXFrameworksBuildPhase section */

/* Begin PBXGroup section */
		4A105F5B2519AC8600262B21 /* keqiangTools */ = {
			isa = PBXGroup;
			children = (
				4A442E20251B0DD00011E07F /* WWStarView.h */,
				4A442E21251B0DD00011E07F /* WWStarView.m */,
				4A105F652519ACAD00262B21 /* Device */,
				4A105F852519ACAE00262B21 /* LMJHorizontalScrollText.h */,
				4A105F772519ACAD00262B21 /* LMJHorizontalScrollText.m */,
				4A105F5E2519ACAD00262B21 /* NSDictionary+DeleteNull.h */,
				4A105F7A2519ACAE00262B21 /* NSDictionary+DeleteNull.m */,
				4A105F602519ACAD00262B21 /* NSDictionary+ZBKeyMapping.h */,
				4A105F7C2519ACAE00262B21 /* NSDictionary+ZBKeyMapping.m */,
				4A105F5C2519ACAD00262B21 /* NSString+StringSize.h */,
				4A105F752519ACAD00262B21 /* NSString+StringSize.m */,
				4A105F782519ACAE00262B21 /* RFVStarImgSizeTool.h */,
				4A105F842519ACAE00262B21 /* RFVStarImgSizeTool.m */,
				4A105F632519ACAD00262B21 /* SGAdvertScrollView.h */,
				4A105F612519ACAD00262B21 /* SGAdvertScrollView.m */,
				4A105F7E2519ACAE00262B21 /* TTJZHttpTool.h */,
				4A105F7B2519ACAE00262B21 /* TTJZHttpTool.m */,
				4A105F622519ACAD00262B21 /* UIColor+ColorChange.h */,
				4A105F7D2519ACAE00262B21 /* UIColor+ColorChange.m */,
				4A105F7F2519ACAE00262B21 /* UIImage+LaunchImgNameSize.h */,
				4A105F5D2519ACAD00262B21 /* UIImage+LaunchImgNameSize.m */,
				4A105F832519ACAE00262B21 /* UIView+ACSLayer.h */,
				4A105F802519ACAE00262B21 /* UIView+ACSLayer.m */,
				4A105F812519ACAE00262B21 /* UIViewController+IOS13.h */,
				4A105F822519ACAE00262B21 /* UIViewController+IOS13.m */,
				4A105F642519ACAD00262B21 /* UJNJobsNewssFlaout.h */,
				4A105F5F2519ACAD00262B21 /* UJNJobsNewssFlaout.m */,
				4A105F792519ACAE00262B21 /* WMDragView.h */,
				4A105F762519ACAD00262B21 /* WMDragView.m */,
			);
			path = keqiangTools;
			sourceTree = "<group>";
		};
		4A105F652519ACAD00262B21 /* Device */ = {
			isa = PBXGroup;
			children = (
				4A105F662519ACAD00262B21 /* BouncingBallView.m */,
				4A105F672519ACAD00262B21 /* UIColor+ColorChange.m */,
				4A105F682519ACAD00262B21 /* UIView+shadowPath.m */,
				4A105F692519ACAD00262B21 /* UIView+HZXFrame.h */,
				4A105F6A2519ACAD00262B21 /* Define.h */,
				4A105F6B2519ACAD00262B21 /* SSDeviceDefault.h */,
				4A105F6C2519ACAD00262B21 /* NSObject+SSAdd.h */,
				4A105F6D2519ACAD00262B21 /* UILabel+CDGPSpaceLb.h */,
				4A105F6E2519ACAD00262B21 /* UIView+shadowPath.h */,
				4A105F6F2519ACAD00262B21 /* UIColor+ColorChange.h */,
				4A105F702519ACAD00262B21 /* BouncingBallView.h */,
				4A105F712519ACAD00262B21 /* UIView+HZXFrame.m */,
				4A105F722519ACAD00262B21 /* NSObject+SSAdd.m */,
				4A105F732519ACAD00262B21 /* SSDeviceDefault.m */,
				4A105F742519ACAD00262B21 /* UILabel+CDGPSpaceLb.m */,
			);
			path = Device;
			sourceTree = "<group>";
		};
		4A105F9A2519ACD000262B21 /* keqiangVC */ = {
			isa = PBXGroup;
			children = (
				4A45B75B251C2B530027D42E /* 启动页 */,
				4A1060092519E23E00262B21 /* 登录注册 */,
				4A105FA52519AD5800262B21 /* 个人中心 */,
				4A105FA42519AD5200262B21 /* 消息页 */,
				4A105FA32519AD4C00262B21 /* 行情页 */,
				4A105FA22519AD4400262B21 /* 首页 */,
			);
			path = keqiangVC;
			sourceTree = "<group>";
		};
		4A105F9B2519ACD900262B21 /* keqiangbase */ = {
			isa = PBXGroup;
			children = (
				4A105F9C2519AD0900262B21 /* keqiangboyBaseViewController.h */,
				4A105F9D2519AD0900262B21 /* keqiangboyBaseViewController.m */,
				4A105F9F2519AD1E00262B21 /* keqiangboybaseTabbarViewController.h */,
				4A105FA02519AD1E00262B21 /* keqiangboybaseTabbarViewController.m */,
				4A105FDC2519CE9800262B21 /* keqiangboyBaseModel.h */,
				4A105FDD2519CE9800262B21 /* keqiangboyBaseModel.m */,
			);
			path = keqiangbase;
			sourceTree = "<group>";
		};
		4A105FA22519AD4400262B21 /* 首页 */ = {
			isa = PBXGroup;
			children = (
				4A442E26251B23E20011E07F /* 立即预约 */,
				4A442E02251AD3BB0011E07F /* 篮球场地 */,
				4A442DFB251AD23D0011E07F /* 我的预约 */,
				4A106020251A339E00262B21 /* 资讯 */,
				4A105FBE2519BE9600262B21 /* 足球场地 */,
				4A105FA62519AD6B00262B21 /* keqiangboyHomeViewController.h */,
				4A105FA72519AD6B00262B21 /* keqiangboyHomeViewController.m */,
				4A105FB22519AFF400262B21 /* keqiangboyHomeTableViewCell.h */,
				4A105FB32519AFF400262B21 /* keqiangboyHomeTableViewCell.m */,
				4A105FB52519B02F00262B21 /* keqianghomeboyHeaderView.h */,
				4A105FB62519B02F00262B21 /* keqianghomeboyHeaderView.m */,
				4A105FB82519B0AA00262B21 /* keqianghomeBtn.h */,
				4A105FB92519B0AA00262B21 /* keqianghomeBtn.m */,
				4A105FBB2519BB3C00262B21 /* keqiangsaishiBtn.h */,
				4A105FBC2519BB3C00262B21 /* keqiangsaishiBtn.m */,
				4A442E06251ADA220011E07F /* keqiangboysaishiModle.h */,
				4A442E07251ADA220011E07F /* keqiangboysaishiModle.m */,
				4A442E23251B124A0011E07F /* keqiangChangdiModel.h */,
				4A442E24251B124A0011E07F /* keqiangChangdiModel.m */,
			);
			path = "首页";
			sourceTree = "<group>";
		};
		4A105FA32519AD4C00262B21 /* 行情页 */ = {
			isa = PBXGroup;
			children = (
				4A106016251A27AC00262B21 /* 举报 */,
				4A105FD22519CD7100262B21 /* 评论 */,
				4A105FCB2519C85700262B21 /* 发布 */,
				4A105FA92519AD7300262B21 /* keqiangboyhangViewController.h */,
				4A105FAA2519AD7300262B21 /* keqiangboyhangViewController.m */,
				4A105FC22519C28A00262B21 /* keqiangboyhangqingTableViewCell.h */,
				4A105FC32519C28A00262B21 /* keqiangboyhangqingTableViewCell.m */,
				4A105FC52519C4C700262B21 /* keqiangboyhangCollectionViewCell.h */,
				4A105FC62519C4C700262B21 /* keqiangboyhangCollectionViewCell.m */,
				4A105FC82519C5F300262B21 /* keqiangboyAdreeBtn.h */,
				4A105FC92519C5F300262B21 /* keqiangboyAdreeBtn.m */,
				4A106013251A19E800262B21 /* keqiangboyHangqingModel.h */,
				4A106014251A19E800262B21 /* keqiangboyHangqingModel.m */,
			);
			path = "行情页";
			sourceTree = "<group>";
		};
		4A105FA42519AD5200262B21 /* 消息页 */ = {
			isa = PBXGroup;
			children = (
				4A442E2A251B90070011E07F /* 系统消息 */,
				4A105FAC2519AD7900262B21 /* keqiangmsgViewController.h */,
				4A105FAD2519AD7900262B21 /* keqiangmsgViewController.m */,
			);
			path = "消息页";
			sourceTree = "<group>";
		};
		4A105FA52519AD5800262B21 /* 个人中心 */ = {
			isa = PBXGroup;
			children = (
				4A105FFF2519DD9500262B21 /* 个人资料 */,
				4A105FFB2519DA5C00262B21 /* 预约 */,
				4A105FF72519DA4300262B21 /* 动态 */,
				4A105FED2519D69200262B21 /* 意见反馈 */,
				4A105FE82519D5BD00262B21 /* 关于我们 */,
				4A105FAF2519AD8000262B21 /* keqiangboyCenterViewController.h */,
				4A105FB02519AD8000262B21 /* keqiangboyCenterViewController.m */,
				4A105FE22519D1F100262B21 /* keqiangboyCenterTableViewCell.h */,
				4A105FE32519D1F100262B21 /* keqiangboyCenterTableViewCell.m */,
				4A105FE52519D2F100262B21 /* keqiangboyCenterHeaderView.h */,
				4A105FE62519D2F100262B21 /* keqiangboyCenterHeaderView.m */,
			);
			path = "个人中心";
			sourceTree = "<group>";
		};
		4A105FBE2519BE9600262B21 /* 足球场地 */ = {
			isa = PBXGroup;
			children = (
				4A105FBF2519BEA500262B21 /* keqiangsaishiListViewController.h */,
				4A105FC02519BEA500262B21 /* keqiangsaishiListViewController.m */,
			);
			path = "足球场地";
			sourceTree = "<group>";
		};
		4A105FCB2519C85700262B21 /* 发布 */ = {
			isa = PBXGroup;
			children = (
				4A105FCC2519C86E00262B21 /* keqianghangSendingViewController.h */,
				4A105FCD2519C86E00262B21 /* keqianghangSendingViewController.m */,
				4A105FCF2519CB3200262B21 /* keqiangboySendingCollectionCell.h */,
				4A105FD02519CB3200262B21 /* keqiangboySendingCollectionCell.m */,
			);
			path = "发布";
			sourceTree = "<group>";
		};
		4A105FD22519CD7100262B21 /* 评论 */ = {
			isa = PBXGroup;
			children = (
				4A105FD32519CD7F00262B21 /* keqainggboyComentViewController.h */,
				4A105FD42519CD7F00262B21 /* keqainggboyComentViewController.m */,
				4A105FD62519CE6D00262B21 /* keqiangboyComentListTableViewCell.h */,
				4A105FD72519CE6D00262B21 /* keqiangboyComentListTableViewCell.m */,
				4A105FD92519CE8E00262B21 /* keqiangboyDetailComenrModle.h */,
				4A105FDA2519CE8E00262B21 /* keqiangboyDetailComenrModle.m */,
				4A105FDF2519CF3700262B21 /* keqiangboyDetailBtn.h */,
				4A105FE02519CF3700262B21 /* keqiangboyDetailBtn.m */,
			);
			path = "评论";
			sourceTree = "<group>";
		};
		4A105FE82519D5BD00262B21 /* 关于我们 */ = {
			isa = PBXGroup;
			children = (
				4A105FE92519D5CB00262B21 /* keqiangboyaboutusViewController.h */,
				4A105FEA2519D5CB00262B21 /* keqiangboyaboutusViewController.m */,
				4A105FF12519D6CF00262B21 /* keqiangboy.html */,
			);
			path = "关于我们";
			sourceTree = "<group>";
		};
		4A105FED2519D69200262B21 /* 意见反馈 */ = {
			isa = PBXGroup;
			children = (
				4A105FEE2519D69E00262B21 /* keqiangboysSugestionViewController.h */,
				4A105FEF2519D69E00262B21 /* keqiangboysSugestionViewController.m */,
				4A105FF32519D78400262B21 /* keqangbiytsAdviceCollectionCell.h */,
				4A105FF42519D78400262B21 /* keqangbiytsAdviceCollectionCell.m */,
			);
			path = "意见反馈";
			sourceTree = "<group>";
		};
		4A105FF72519DA4300262B21 /* 动态 */ = {
			isa = PBXGroup;
			children = (
				4A105FF82519DA5700262B21 /* keqiangdongtaiiViewController.h */,
				4A105FF92519DA5700262B21 /* keqiangdongtaiiViewController.m */,
			);
			path = "动态";
			sourceTree = "<group>";
		};
		4A105FFB2519DA5C00262B21 /* 预约 */ = {
			isa = PBXGroup;
			children = (
				4A105FFC2519DA6700262B21 /* keqiannyuyueViewController.h */,
				4A105FFD2519DA6700262B21 /* keqiannyuyueViewController.m */,
			);
			path = "预约";
			sourceTree = "<group>";
		};
		4A105FFF2519DD9500262B21 /* 个人资料 */ = {
			isa = PBXGroup;
			children = (
				4A1060002519DDA000262B21 /* keqiangboyInfosViewController.h */,
				4A1060012519DDA000262B21 /* keqiangboyInfosViewController.m */,
				4A1060032519DE1F00262B21 /* keqiangboysinfoDetailContrler.h */,
				4A1060042519DE2000262B21 /* keqiangboysinfoDetailContrler.m */,
				4A1060062519DE2000262B21 /* keqiangboysinfoTableViewCell.h */,
				4A1060052519DE2000262B21 /* keqiangboysinfoTableViewCell.m */,
			);
			path = "个人资料";
			sourceTree = "<group>";
		};
		4A1060092519E23E00262B21 /* 登录注册 */ = {
			isa = PBXGroup;
			children = (
				4A10600A2519E24900262B21 /* keqiangboyLogoinsViewController.h */,
				4A10600B2519E24900262B21 /* keqiangboyLogoinsViewController.m */,
				4A10600D2519E26D00262B21 /* keqiangbouRegisterViewController.h */,
				4A10600E2519E26D00262B21 /* keqiangbouRegisterViewController.m */,
				4A1060102519E27F00262B21 /* keqiangFindpasswordViewController.h */,
				4A1060112519E27F00262B21 /* keqiangFindpasswordViewController.m */,
			);
			path = "登录注册";
			sourceTree = "<group>";
		};
		4A106016251A27AC00262B21 /* 举报 */ = {
			isa = PBXGroup;
			children = (
				4A106017251A27BD00262B21 /* keqaingboysjubaoController.h */,
				4A106018251A27BD00262B21 /* keqaingboysjubaoController.m */,
				4A10601B251A27D400262B21 /* keqiangboyjbaoTabelViewCell.h */,
				4A10601A251A27D400262B21 /* keqiangboyjbaoTabelViewCell.m */,
				4A10601E251A27E200262B21 /* keqiangboyjubaoModle.h */,
				4A10601D251A27E200262B21 /* keqiangboyjubaoModle.m */,
			);
			path = "举报";
			sourceTree = "<group>";
		};
		4A106020251A339E00262B21 /* 资讯 */ = {
			isa = PBXGroup;
			children = (
				4A106021251A33B000262B21 /* keqiangboyNewsListViewController.h */,
				4A106022251A33B000262B21 /* keqiangboyNewsListViewController.m */,
				4A106025251A34C500262B21 /* keqiangboysNewsListDetailController.h */,
				4A106026251A34C500262B21 /* keqiangboysNewsListDetailController.m */,
				4A106024251A34C500262B21 /* keqiangboysNewsListModel.h */,
				4A106029251A34C500262B21 /* keqiangboysNewsListModel.m */,
				4A106027251A34C500262B21 /* keqiangboysNewsListTableViewCell.h */,
				4A106028251A34C500262B21 /* keqiangboysNewsListTableViewCell.m */,
			);
			path = "资讯";
			sourceTree = "<group>";
		};
		4A40B0F52519A12800C7BD64 = {
			isa = PBXGroup;
			children = (
				4A40B1002519A12800C7BD64 /* keqiangboy */,
				4A40B0FF2519A12800C7BD64 /* Products */,
				B0A76682E986A56387A76518 /* Pods */,
				739E5CBE7ADCFD592B0E33AD /* Frameworks */,
			);
			sourceTree = "<group>";
		};
		4A40B0FF2519A12800C7BD64 /* Products */ = {
			isa = PBXGroup;
			children = (
				4A40B0FE2519A12800C7BD64 /* A8体育.app */,
			);
			name = Products;
			sourceTree = "<group>";
		};
		4A40B1002519A12800C7BD64 /* keqiangboy */ = {
			isa = PBXGroup;
			children = (
				4A105F9B2519ACD900262B21 /* keqiangbase */,
				4A105F9A2519ACD000262B21 /* keqiangVC */,
				4A105F5B2519AC8600262B21 /* keqiangTools */,
				4A40B1012519A12800C7BD64 /* AppDelegate.h */,
				4A40B1022519A12800C7BD64 /* AppDelegate.m */,
				4A40B10A2519A12800C7BD64 /* Main.storyboard */,
				4A40B10D2519A12B00C7BD64 /* Assets.xcassets */,
				4A40B10F2519A12B00C7BD64 /* LaunchScreen.storyboard */,
				4A40B1122519A12B00C7BD64 /* Info.plist */,
				4A40B1132519A12B00C7BD64 /* main.m */,
				4A105F592519AC4E00262B21 /* Header.h */,
				4A105F5A2519AC5800262B21 /* PrefixHeader.pch */,
			);
			path = keqiangboy;
			sourceTree = "<group>";
		};
		4A442DFB251AD23D0011E07F /* 我的预约 */ = {
			isa = PBXGroup;
			children = (
				4A442DFC251AD24A0011E07F /* keqiangmyyuyueViewController.h */,
				4A442DFD251AD24A0011E07F /* keqiangmyyuyueViewController.m */,
				4A442DFF251AD32D0011E07F /* keqiangmyyuyeTableViewCell.h */,
				4A442E00251AD32D0011E07F /* keqiangmyyuyeTableViewCell.m */,
				4A442E0C251AE5BD0011E07F /* keqiangboyVideomModel.h */,
				4A442E0D251AE5BD0011E07F /* keqiangboyVideomModel.m */,
			);
			path = "我的预约";
			sourceTree = "<group>";
		};
		4A442E02251AD3BB0011E07F /* 篮球场地 */ = {
			isa = PBXGroup;
			children = (
				4A442E03251AD3D50011E07F /* keqiangboymyRoomdViewController.h */,
				4A442E04251AD3D50011E07F /* keqiangboymyRoomdViewController.m */,
				4A442E17251AEF240011E07F /* keqianboyrommTableViewCell.h */,
				4A442E18251AEF240011E07F /* keqianboyrommTableViewCell.m */,
				4A442E1D251AF3BC0011E07F /* keqiangboyRoomDetailViewController.h */,
				4A442E1E251AF3BC0011E07F /* keqiangboyRoomDetailViewController.m */,
			);
			path = "篮球场地";
			sourceTree = "<group>";
		};
		4A442E26251B23E20011E07F /* 立即预约 */ = {
			isa = PBXGroup;
			children = (
				4A442E27251B23F70011E07F /* keqiangboyLijiyuyeViewController.h */,
				4A442E28251B23F70011E07F /* keqiangboyLijiyuyeViewController.m */,
			);
			path = "立即预约";
			sourceTree = "<group>";
		};
		4A442E2A251B90070011E07F /* 系统消息 */ = {
			isa = PBXGroup;
			children = (
				4A442E2B251B90180011E07F /* keqiangboysystemmsgViewController.h */,
				4A442E2C251B90180011E07F /* keqiangboysystemmsgViewController.m */,
				4A442E30251B90670011E07F /* keqiangboymsgDetailController.h */,
				4A442E2F251B90670011E07F /* keqiangboymsgDetailController.m */,
				4A442E2E251B90670011E07F /* keqangboymsgTbaleviewCell.h */,
				4A442E31251B90670011E07F /* keqangboymsgTbaleviewCell.m */,
			);
			path = "系统消息";
			sourceTree = "<group>";
		};
		4A45B75B251C2B530027D42E /* 启动页 */ = {
			isa = PBXGroup;
			children = (
			);
			path = "启动页";
			sourceTree = "<group>";
		};
		739E5CBE7ADCFD592B0E33AD /* Frameworks */ = {
			isa = PBXGroup;
			children = (
				4A45B762251C41250027D42E /* SystemConfiguration.framework */,
				4A45B760251C41210027D42E /* CoreTelephony.framework */,
				4A45B75E251C41190027D42E /* libsqlite3.tbd */,
				4A45B75C251C41130027D42E /* libz.tbd */,
				FECF8F7581B7A9332BB53459 /* Pods_keqiangboy.framework */,
			);
			name = Frameworks;
			sourceTree = "<group>";
		};
		B0A76682E986A56387A76518 /* Pods */ = {
			isa = PBXGroup;
			children = (
				9CCC13860F69194D96A7E0ED /* Pods-keqiangboy.debug.xcconfig */,
				5CFCBD7F7405C572B279AA4F /* Pods-keqiangboy.release.xcconfig */,
			);
			path = Pods;
			sourceTree = "<group>";
		};
/* End PBXGroup section */

/* Begin PBXNativeTarget section */
		4A40B0FD2519A12800C7BD64 /* keqiangboy */ = {
			isa = PBXNativeTarget;
			buildConfigurationList = 4A40B1172519A12B00C7BD64 /* Build configuration list for PBXNativeTarget "keqiangboy" */;
			buildPhases = (
				0634A3B8C0F4A3E5BCFDE4AC /* [CP] Check Pods Manifest.lock */,
				4A40B0FA2519A12800C7BD64 /* Sources */,
				4A40B0FB2519A12800C7BD64 /* Frameworks */,
				4A40B0FC2519A12800C7BD64 /* Resources */,
				4D9EC9CBD1097FA924F484FB /* [CP] Embed Pods Frameworks */,
				65FD41302DAC975DBFDC8433 /* [CP] Copy Pods Resources */,
			);
			buildRules = (
			);
			dependencies = (
			);
			name = keqiangboy;
			productName = keqiangboy;
			productReference = 4A40B0FE2519A12800C7BD64 /* A8体育.app */;
			productType = "com.apple.product-type.application";
		};
/* End PBXNativeTarget section */

/* Begin PBXProject section */
		4A40B0F62519A12800C7BD64 /* Project object */ = {
			isa = PBXProject;
			attributes = {
				LastUpgradeCheck = 1160;
				ORGANIZATIONNAME = keqiangboy;
				TargetAttributes = {
					4A40B0FD2519A12800C7BD64 = {
						CreatedOnToolsVersion = 11.6;
					};
				};
			};
			buildConfigurationList = 4A40B0F92519A12800C7BD64 /* Build configuration list for PBXProject "keqiangboy" */;
			compatibilityVersion = "Xcode 9.3";
			developmentRegion = en;
			hasScannedForEncodings = 0;
			knownRegions = (
				en,
				Base,
			);
			mainGroup = 4A40B0F52519A12800C7BD64;
			productRefGroup = 4A40B0FF2519A12800C7BD64 /* Products */;
			projectDirPath = "";
			projectRoot = "";
			targets = (
				4A40B0FD2519A12800C7BD64 /* keqiangboy */,
			);
		};
/* End PBXProject section */

/* Begin PBXResourcesBuildPhase section */
		4A40B0FC2519A12800C7BD64 /* Resources */ = {
			isa = PBXResourcesBuildPhase;
			buildActionMask = 2147483647;
			files = (
				4A40B1112519A12B00C7BD64 /* LaunchScreen.storyboard in Resources */,
				4A105FF22519D6CF00262B21 /* keqiangboy.html in Resources */,
				4A40B10E2519A12B00C7BD64 /* Assets.xcassets in Resources */,
				4A40B10C2519A12800C7BD64 /* Main.storyboard in Resources */,
			);
			runOnlyForDeploymentPostprocessing = 0;
		};
/* End PBXResourcesBuildPhase section */

/* Begin PBXShellScriptBuildPhase section */
		0634A3B8C0F4A3E5BCFDE4AC /* [CP] Check Pods Manifest.lock */ = {
			isa = PBXShellScriptBuildPhase;
			buildActionMask = 2147483647;
			files = (
			);
			inputFileListPaths = (
			);
			inputPaths = (
				"${PODS_PODFILE_DIR_PATH}/Podfile.lock",
				"${PODS_ROOT}/Manifest.lock",
			);
			name = "[CP] Check Pods Manifest.lock";
			outputFileListPaths = (
			);
			outputPaths = (
				"$(DERIVED_FILE_DIR)/Pods-keqiangboy-checkManifestLockResult.txt",
			);
			runOnlyForDeploymentPostprocessing = 0;
			shellPath = /bin/sh;
			shellScript = "diff \"${PODS_PODFILE_DIR_PATH}/Podfile.lock\" \"${PODS_ROOT}/Manifest.lock\" > /dev/null\nif [ $? != 0 ] ; then\n    # print error to STDERR\n    echo \"error: The sandbox is not in sync with the Podfile.lock. Run 'pod install' or update your CocoaPods installation.\" >&2\n    exit 1\nfi\n# This output is used by Xcode 'outputs' to avoid re-running this script phase.\necho \"SUCCESS\" > \"${SCRIPT_OUTPUT_FILE_0}\"\n";
			showEnvVarsInLog = 0;
		};
		4D9EC9CBD1097FA924F484FB /* [CP] Embed Pods Frameworks */ = {
			isa = PBXShellScriptBuildPhase;
			buildActionMask = 2147483647;
			files = (
			);
			inputFileListPaths = (
				"${PODS_ROOT}/Target Support Files/Pods-keqiangboy/Pods-keqiangboy-frameworks-${CONFIGURATION}-input-files.xcfilelist",
			);
			name = "[CP] Embed Pods Frameworks";
			outputFileListPaths = (
				"${PODS_ROOT}/Target Support Files/Pods-keqiangboy/Pods-keqiangboy-frameworks-${CONFIGURATION}-output-files.xcfilelist",
			);
			runOnlyForDeploymentPostprocessing = 0;
			shellPath = /bin/sh;
			shellScript = "\"${PODS_ROOT}/Target Support Files/Pods-keqiangboy/Pods-keqiangboy-frameworks.sh\"\n";
			showEnvVarsInLog = 0;
		};
		65FD41302DAC975DBFDC8433 /* [CP] Copy Pods Resources */ = {
			isa = PBXShellScriptBuildPhase;
			buildActionMask = 2147483647;
			files = (
			);
			inputFileListPaths = (
				"${PODS_ROOT}/Target Support Files/Pods-keqiangboy/Pods-keqiangboy-resources-${CONFIGURATION}-input-files.xcfilelist",
			);
			name = "[CP] Copy Pods Resources";
			outputFileListPaths = (
				"${PODS_ROOT}/Target Support Files/Pods-keqiangboy/Pods-keqiangboy-resources-${CONFIGURATION}-output-files.xcfilelist",
			);
			runOnlyForDeploymentPostprocessing = 0;
			shellPath = /bin/sh;
			shellScript = "\"${PODS_ROOT}/Target Support Files/Pods-keqiangboy/Pods-keqiangboy-resources.sh\"\n";
			showEnvVarsInLog = 0;
		};
/* End PBXShellScriptBuildPhase section */

/* Begin PBXSourcesBuildPhase section */
		4A40B0FA2519A12800C7BD64 /* Sources */ = {
			isa = PBXSourcesBuildPhase;
			buildActionMask = 2147483647;
			files = (
				4A105F942519ACAF00262B21 /* TTJZHttpTool.m in Sources */,
				4A105FC72519C4C700262B21 /* keqiangboyhangCollectionViewCell.m in Sources */,
				4A105F882519ACAF00262B21 /* SGAdvertScrollView.m in Sources */,
				4A40B1032519A12800C7BD64 /* AppDelegate.m in Sources */,
				4A442E33251B90670011E07F /* keqangboymsgTbaleviewCell.m in Sources */,
				4A442DFE251AD24A0011E07F /* keqiangmyyuyueViewController.m in Sources */,
				4A1060072519DE2000262B21 /* keqiangboysinfoDetailContrler.m in Sources */,
				4A10602B251A34C500262B21 /* keqiangboysNewsListTableViewCell.m in Sources */,
				4A105F872519ACAF00262B21 /* UJNJobsNewssFlaout.m in Sources */,
				4A105F862519ACAF00262B21 /* UIImage+LaunchImgNameSize.m in Sources */,
				4A105F932519ACAF00262B21 /* NSDictionary+DeleteNull.m in Sources */,
				4A105FD52519CD7F00262B21 /* keqainggboyComentViewController.m in Sources */,
				4A105FE42519D1F100262B21 /* keqiangboyCenterTableViewCell.m in Sources */,
				4A442E01251AD32D0011E07F /* keqiangmyyuyeTableViewCell.m in Sources */,
				4A105FDE2519CE9800262B21 /* keqiangboyBaseModel.m in Sources */,
				4A105FFE2519DA6700262B21 /* keqiannyuyueViewController.m in Sources */,
				4A105FA82519AD6B00262B21 /* keqiangboyHomeViewController.m in Sources */,
				4A105FC12519BEA500262B21 /* keqiangsaishiListViewController.m in Sources */,
				4A10601F251A27E200262B21 /* keqiangboyjubaoModle.m in Sources */,
				4A1060082519DE2000262B21 /* keqiangboysinfoTableViewCell.m in Sources */,
				4A442E2D251B90180011E07F /* keqiangboysystemmsgViewController.m in Sources */,
				4A105F9E2519AD0900262B21 /* keqiangboyBaseViewController.m in Sources */,
				4A105FAE2519AD7900262B21 /* keqiangmsgViewController.m in Sources */,
				4A105FAB2519AD7300262B21 /* keqiangboyhangViewController.m in Sources */,
				4A442E08251ADA220011E07F /* keqiangboysaishiModle.m in Sources */,
				4A442E25251B124A0011E07F /* keqiangChangdiModel.m in Sources */,
				4A105FA12519AD1E00262B21 /* keqiangboybaseTabbarViewController.m in Sources */,
				4A442E22251B0DD10011E07F /* WWStarView.m in Sources */,
				4A105FBA2519B0AA00262B21 /* keqianghomeBtn.m in Sources */,
				4A10600F2519E26D00262B21 /* keqiangbouRegisterViewController.m in Sources */,
				4A105FCE2519C86E00262B21 /* keqianghangSendingViewController.m in Sources */,
				4A105FEB2519D5CB00262B21 /* keqiangboyaboutusViewController.m in Sources */,
				4A442E19251AEF240011E07F /* keqianboyrommTableViewCell.m in Sources */,
				4A105F912519ACAF00262B21 /* WMDragView.m in Sources */,
				4A105FB42519AFF400262B21 /* keqiangboyHomeTableViewCell.m in Sources */,
				4A10602A251A34C500262B21 /* keqiangboysNewsListDetailController.m in Sources */,
				4A105F892519ACAF00262B21 /* BouncingBallView.m in Sources */,
				4A105F8C2519ACAF00262B21 /* UIView+HZXFrame.m in Sources */,
				4A105F8B2519ACAF00262B21 /* UIView+shadowPath.m in Sources */,
				4A105FB72519B02F00262B21 /* keqianghomeboyHeaderView.m in Sources */,
				4A105FBD2519BB3C00262B21 /* keqiangsaishiBtn.m in Sources */,
				4A105FFA2519DA5700262B21 /* keqiangdongtaiiViewController.m in Sources */,
				4A105FDB2519CE8E00262B21 /* keqiangboyDetailComenrModle.m in Sources */,
				4A105F8A2519ACAF00262B21 /* UIColor+ColorChange.m in Sources */,
				4A442E29251B23F70011E07F /* keqiangboyLijiyuyeViewController.m in Sources */,
				4A442E0E251AE5BD0011E07F /* keqiangboyVideomModel.m in Sources */,
				4A1060122519E27F00262B21 /* keqiangFindpasswordViewController.m in Sources */,
				4A106023251A33B000262B21 /* keqiangboyNewsListViewController.m in Sources */,
				4A105F8E2519ACAF00262B21 /* SSDeviceDefault.m in Sources */,
				4A105F902519ACAF00262B21 /* NSString+StringSize.m in Sources */,
				4A10600C2519E24900262B21 /* keqiangboyLogoinsViewController.m in Sources */,
				4A442E05251AD3D50011E07F /* keqiangboymyRoomdViewController.m in Sources */,
				4A105F982519ACAF00262B21 /* UIViewController+IOS13.m in Sources */,
				4A105F952519ACAF00262B21 /* NSDictionary+ZBKeyMapping.m in Sources */,
				4A106019251A27BD00262B21 /* keqaingboysjubaoController.m in Sources */,
				4A105FD12519CB3200262B21 /* keqiangboySendingCollectionCell.m in Sources */,
				4A105F8F2519ACAF00262B21 /* UILabel+CDGPSpaceLb.m in Sources */,
				4A40B1142519A12B00C7BD64 /* main.m in Sources */,
				4A1060022519DDA000262B21 /* keqiangboyInfosViewController.m in Sources */,
				4A105FF52519D78400262B21 /* keqangbiytsAdviceCollectionCell.m in Sources */,
				4A10602C251A34C500262B21 /* keqiangboysNewsListModel.m in Sources */,
				4A105FB12519AD8000262B21 /* keqiangboyCenterViewController.m in Sources */,
				4A105FC42519C28A00262B21 /* keqiangboyhangqingTableViewCell.m in Sources */,
				4A105FF02519D69E00262B21 /* keqiangboysSugestionViewController.m in Sources */,
				4A105FCA2519C5F300262B21 /* keqiangboyAdreeBtn.m in Sources */,
				4A105FE12519CF3700262B21 /* keqiangboyDetailBtn.m in Sources */,
				4A105F992519ACAF00262B21 /* RFVStarImgSizeTool.m in Sources */,
				4A105F972519ACAF00262B21 /* UIView+ACSLayer.m in Sources */,
				4A442E1F251AF3BC0011E07F /* keqiangboyRoomDetailViewController.m in Sources */,
				4A442E32251B90670011E07F /* keqiangboymsgDetailController.m in Sources */,
				4A10601C251A27D400262B21 /* keqiangboyjbaoTabelViewCell.m in Sources */,
				4A105F8D2519ACAF00262B21 /* NSObject+SSAdd.m in Sources */,
				4A106015251A19E800262B21 /* keqiangboyHangqingModel.m in Sources */,
				4A105FE72519D2F100262B21 /* keqiangboyCenterHeaderView.m in Sources */,
				4A105F962519ACAF00262B21 /* UIColor+ColorChange.m in Sources */,
				4A105FD82519CE6D00262B21 /* keqiangboyComentListTableViewCell.m in Sources */,
				4A105F922519ACAF00262B21 /* LMJHorizontalScrollText.m in Sources */,
			);
			runOnlyForDeploymentPostprocessing = 0;
		};
/* End PBXSourcesBuildPhase section */

/* Begin PBXVariantGroup section */
		4A40B10A2519A12800C7BD64 /* Main.storyboard */ = {
			isa = PBXVariantGroup;
			children = (
				4A40B10B2519A12800C7BD64 /* Base */,
			);
			name = Main.storyboard;
			sourceTree = "<group>";
		};
		4A40B10F2519A12B00C7BD64 /* LaunchScreen.storyboard */ = {
			isa = PBXVariantGroup;
			children = (
				4A40B1102519A12B00C7BD64 /* Base */,
			);
			name = LaunchScreen.storyboard;
			sourceTree = "<group>";
		};
/* End PBXVariantGroup section */

/* Begin XCBuildConfiguration section */
		4A40B1152519A12B00C7BD64 /* Debug */ = {
			isa = XCBuildConfiguration;
			buildSettings = {
				ALWAYS_SEARCH_USER_PATHS = NO;
				CLANG_ANALYZER_NONNULL = YES;
				CLANG_ANALYZER_NUMBER_OBJECT_CONVERSION = YES_AGGRESSIVE;
				CLANG_CXX_LANGUAGE_STANDARD = "gnu++14";
				CLANG_CXX_LIBRARY = "libc++";
				CLANG_ENABLE_MODULES = YES;
				CLANG_ENABLE_OBJC_ARC = YES;
				CLANG_ENABLE_OBJC_WEAK = YES;
				CLANG_WARN_BLOCK_CAPTURE_AUTORELEASING = YES;
				CLANG_WARN_BOOL_CONVERSION = YES;
				CLANG_WARN_COMMA = YES;
				CLANG_WARN_CONSTANT_CONVERSION = YES;
				CLANG_WARN_DEPRECATED_OBJC_IMPLEMENTATIONS = YES;
				CLANG_WARN_DIRECT_OBJC_ISA_USAGE = YES_ERROR;
				CLANG_WARN_DOCUMENTATION_COMMENTS = YES;
				CLANG_WARN_EMPTY_BODY = YES;
				CLANG_WARN_ENUM_CONVERSION = YES;
				CLANG_WARN_INFINITE_RECURSION = YES;
				CLANG_WARN_INT_CONVERSION = YES;
				CLANG_WARN_NON_LITERAL_NULL_CONVERSION = YES;
				CLANG_WARN_OBJC_IMPLICIT_RETAIN_SELF = YES;
				CLANG_WARN_OBJC_LITERAL_CONVERSION = YES;
				CLANG_WARN_OBJC_ROOT_CLASS = YES_ERROR;
				CLANG_WARN_RANGE_LOOP_ANALYSIS = YES;
				CLANG_WARN_STRICT_PROTOTYPES = YES;
				CLANG_WARN_SUSPICIOUS_MOVE = YES;
				CLANG_WARN_UNGUARDED_AVAILABILITY = YES_AGGRESSIVE;
				CLANG_WARN_UNREACHABLE_CODE = YES;
				CLANG_WARN__DUPLICATE_METHOD_MATCH = YES;
				COPY_PHASE_STRIP = NO;
				DEBUG_INFORMATION_FORMAT = dwarf;
				ENABLE_STRICT_OBJC_MSGSEND = YES;
				ENABLE_TESTABILITY = YES;
				GCC_C_LANGUAGE_STANDARD = gnu11;
				GCC_DYNAMIC_NO_PIC = NO;
				GCC_NO_COMMON_BLOCKS = YES;
				GCC_OPTIMIZATION_LEVEL = 0;
				GCC_PREPROCESSOR_DEFINITIONS = (
					"DEBUG=1",
					"$(inherited)",
				);
				GCC_WARN_64_TO_32_BIT_CONVERSION = YES;
				GCC_WARN_ABOUT_RETURN_TYPE = YES_ERROR;
				GCC_WARN_UNDECLARED_SELECTOR = YES;
				GCC_WARN_UNINITIALIZED_AUTOS = YES_AGGRESSIVE;
				GCC_WARN_UNUSED_FUNCTION = YES;
				GCC_WARN_UNUSED_VARIABLE = YES;
				IPHONEOS_DEPLOYMENT_TARGET = 13.6;
				MTL_ENABLE_DEBUG_INFO = INCLUDE_SOURCE;
				MTL_FAST_MATH = YES;
				ONLY_ACTIVE_ARCH = YES;
				SDKROOT = iphoneos;
			};
			name = Debug;
		};
		4A40B1162519A12B00C7BD64 /* Release */ = {
			isa = XCBuildConfiguration;
			buildSettings = {
				ALWAYS_SEARCH_USER_PATHS = NO;
				CLANG_ANALYZER_NONNULL = YES;
				CLANG_ANALYZER_NUMBER_OBJECT_CONVERSION = YES_AGGRESSIVE;
				CLANG_CXX_LANGUAGE_STANDARD = "gnu++14";
				CLANG_CXX_LIBRARY = "libc++";
				CLANG_ENABLE_MODULES = YES;
				CLANG_ENABLE_OBJC_ARC = YES;
				CLANG_ENABLE_OBJC_WEAK = YES;
				CLANG_WARN_BLOCK_CAPTURE_AUTORELEASING = YES;
				CLANG_WARN_BOOL_CONVERSION = YES;
				CLANG_WARN_COMMA = YES;
				CLANG_WARN_CONSTANT_CONVERSION = YES;
				CLANG_WARN_DEPRECATED_OBJC_IMPLEMENTATIONS = YES;
				CLANG_WARN_DIRECT_OBJC_ISA_USAGE = YES_ERROR;
				CLANG_WARN_DOCUMENTATION_COMMENTS = YES;
				CLANG_WARN_EMPTY_BODY = YES;
				CLANG_WARN_ENUM_CONVERSION = YES;
				CLANG_WARN_INFINITE_RECURSION = YES;
				CLANG_WARN_INT_CONVERSION = YES;
				CLANG_WARN_NON_LITERAL_NULL_CONVERSION = YES;
				CLANG_WARN_OBJC_IMPLICIT_RETAIN_SELF = YES;
				CLANG_WARN_OBJC_LITERAL_CONVERSION = YES;
				CLANG_WARN_OBJC_ROOT_CLASS = YES_ERROR;
				CLANG_WARN_RANGE_LOOP_ANALYSIS = YES;
				CLANG_WARN_STRICT_PROTOTYPES = YES;
				CLANG_WARN_SUSPICIOUS_MOVE = YES;
				CLANG_WARN_UNGUARDED_AVAILABILITY = YES_AGGRESSIVE;
				CLANG_WARN_UNREACHABLE_CODE = YES;
				CLANG_WARN__DUPLICATE_METHOD_MATCH = YES;
				COPY_PHASE_STRIP = NO;
				DEBUG_INFORMATION_FORMAT = "dwarf-with-dsym";
				ENABLE_NS_ASSERTIONS = NO;
				ENABLE_STRICT_OBJC_MSGSEND = YES;
				GCC_C_LANGUAGE_STANDARD = gnu11;
				GCC_NO_COMMON_BLOCKS = YES;
				GCC_WARN_64_TO_32_BIT_CONVERSION = YES;
				GCC_WARN_ABOUT_RETURN_TYPE = YES_ERROR;
				GCC_WARN_UNDECLARED_SELECTOR = YES;
				GCC_WARN_UNINITIALIZED_AUTOS = YES_AGGRESSIVE;
				GCC_WARN_UNUSED_FUNCTION = YES;
				GCC_WARN_UNUSED_VARIABLE = YES;
				IPHONEOS_DEPLOYMENT_TARGET = 13.6;
				MTL_ENABLE_DEBUG_INFO = NO;
				MTL_FAST_MATH = YES;
				SDKROOT = iphoneos;
				VALIDATE_PRODUCT = YES;
			};
			name = Release;
		};
		4A40B1182519A12B00C7BD64 /* Debug */ = {
			isa = XCBuildConfiguration;
			baseConfigurationReference = 9CCC13860F69194D96A7E0ED /* Pods-keqiangboy.debug.xcconfig */;
			buildSettings = {
				ASSETCATALOG_COMPILER_APPICON_NAME = AppIcon;
				ASSETCATALOG_COMPILER_LAUNCHIMAGE_NAME = LaunchImage;
				CODE_SIGN_STYLE = Automatic;
				DEVELOPMENT_TEAM = DG3CQ8C3DN;
				GCC_PRECOMPILE_PREFIX_HEADER = YES;
				GCC_PREFIX_HEADER = "$(SRCROOT)/keqiangboy/PrefixHeader.pch";
				INFOPLIST_FILE = keqiangboy/Info.plist;
				IPHONEOS_DEPLOYMENT_TARGET = 9.0;
				LD_RUNPATH_SEARCH_PATHS = (
					"$(inherited)",
					"@executable_path/Frameworks",
				);
				MARKETING_VERSION = 1.0.0;
				PRODUCT_BUNDLE_IDENTIFIER = com.a8Sport.hz;
				PRODUCT_NAME = "A8体育";
				TARGETED_DEVICE_FAMILY = 1;
			};
			name = Debug;
		};
		4A40B1192519A12B00C7BD64 /* Release */ = {
			isa = XCBuildConfiguration;
			baseConfigurationReference = 5CFCBD7F7405C572B279AA4F /* Pods-keqiangboy.release.xcconfig */;
			buildSettings = {
				ASSETCATALOG_COMPILER_APPICON_NAME = AppIcon;
				ASSETCATALOG_COMPILER_LAUNCHIMAGE_NAME = LaunchImage;
				CODE_SIGN_STYLE = Automatic;
				DEVELOPMENT_TEAM = DG3CQ8C3DN;
				GCC_PRECOMPILE_PREFIX_HEADER = YES;
				GCC_PREFIX_HEADER = "$(SRCROOT)/keqiangboy/PrefixHeader.pch";
				INFOPLIST_FILE = keqiangboy/Info.plist;
				IPHONEOS_DEPLOYMENT_TARGET = 9.0;
				LD_RUNPATH_SEARCH_PATHS = (
					"$(inherited)",
					"@executable_path/Frameworks",
				);
				MARKETING_VERSION = 1.0.0;
				PRODUCT_BUNDLE_IDENTIFIER = com.a8Sport.hz;
				PRODUCT_NAME = "A8体育";
				TARGETED_DEVICE_FAMILY = 1;
			};
			name = Release;
		};
/* End XCBuildConfiguration section */

/* Begin XCConfigurationList section */
		4A40B0F92519A12800C7BD64 /* Build configuration list for PBXProject "keqiangboy" */ = {
			isa = XCConfigurationList;
			buildConfigurations = (
				4A40B1152519A12B00C7BD64 /* Debug */,
				4A40B1162519A12B00C7BD64 /* Release */,
			);
			defaultConfigurationIsVisible = 0;
			defaultConfigurationName = Release;
		};
		4A40B1172519A12B00C7BD64 /* Build configuration list for PBXNativeTarget "keqiangboy" */ = {
			isa = XCConfigurationList;
			buildConfigurations = (
				4A40B1182519A12B00C7BD64 /* Debug */,
				4A40B1192519A12B00C7BD64 /* Release */,
			);
			defaultConfigurationIsVisible = 0;
			defaultConfigurationName = Release;
		};
/* End XCConfigurationList section */
	};
	rootObject = 4A40B0F62519A12800C7BD64 /* Project object */;
}
